{
  "name": "@medic/lineage",
  "version": "1.0.0",
  "lockfileVersion": 2,
  "requires": true,
  "packages": {
    "": {
      "name": "@medic/lineage",
      "version": "1.0.0",
      "license": "Apache-2.0",
      "dependencies": {
        "@medic/contact-types-utils": "file:../contact-types-utils",
        "lodash": "^4.17.19"
      },
      "devDependencies": {
        "@medic/memdown": "file:../memdown"
      }
    },
    "../contact-types-utils": {
      "name": "@medic/contact-types-utils",
      "version": "1.0.0",
      "license": "Apache-2.0"
    },
    "../memdown": {
      "name": "@medic/memdown",
      "version": "1.0.0",
      "dev": true,
      "license": "Apache-2.0",
      "dependencies": {
        "pouchdb-adapter-memory": "^7.2.2",
        "pouchdb-core": "^7.2.2",
        "pouchdb-mapreduce": "^7.2.2",
        "uuid": "^3.4.0"
      },
      "devDependencies": {}
    },
    "node_modules/@medic/contact-types-utils": {
      "resolved": "../contact-types-utils",
      "link": true
    },
    "node_modules/@medic/memdown": {
      "resolved": "../memdown",
      "link": true
    },
    "node_modules/lodash": {
      "version": "4.17.21",
      "resolved": "https://registry.npmjs.org/lodash/-/lodash-4.17.21.tgz",
      "integrity": "sha512-v2kDEe57lecTulaDIuNTPy3Ry4gLGJ6Z1O3vE1krgXZNrsQ+LFTGHVxVjcXPs17LhbZVGedAJv8XZ1tvj5FvSg=="
    }
  },
  "dependencies": {
    "@medic/contact-types-utils": {
      "version": "file:../contact-types-utils"
    },
    "@medic/memdown": {
      "version": "file:../memdown",
      "requires": {
        "pouchdb-adapter-memory": "^7.2.2",
        "pouchdb-core": "^7.2.2",
        "pouchdb-mapreduce": "^7.2.2",
        "uuid": "^3.4.0"
      }
    },
    "lodash": {
      "version": "4.17.21",
      "resolved": "https://registry.npmjs.org/lodash/-/lodash-4.17.21.tgz",
      "integrity": "sha512-v2kDEe57lecTulaDIuNTPy3Ry4gLGJ6Z1O3vE1krgXZNrsQ+LFTGHVxVjcXPs17LhbZVGedAJv8XZ1tvj5FvSg=="
    }
  }
}
