{
  "name": "@medic/lineage",
  "version": "1.0.0",
  "lockfileVersion": 2,
  "requires": true,
  "packages": {
    "": {
      "name": "@medic/lineage",
      "version": "1.0.0",
      "license": "Apache-2.0",
      "dependencies": {
        "@medic/contact-types-utils": "file:../contact-types-utils",
        "lodash": "4.17.19"
      }
    },
    "../contact-types-utils": {
      "name": "@medic/contact-types-utils",
      "version": "1.0.0",
      "license": "Apache-2.0"
    },
    "../memdown": {
      "name": "@medic/memdown",
      "version": "1.0.0",
      "extraneous": true,
      "license": "Apache-2.0"
    },
    "node_modules/@medic/contact-types-utils": {
      "resolved": "../contact-types-utils",
      "link": true
    },
    "node_modules/lodash": {
      "version": "4.17.19",
      "resolved": "https://registry.npmjs.org/lodash/-/lodash-4.17.19.tgz",
      "integrity": "sha512-JNvd8XER9GQX0v2qJgsaN/mzFCNA5BRe/j8JN9d+tWyGLSodKQHKFicdwNYzWwI3wjRnaKPsGj1XkBjx/F96DQ=="
    }
  },
  "dependencies": {
    "@medic/contact-types-utils": {
      "version": "file:../contact-types-utils"
    },
    "lodash": {
      "version": "4.17.19",
      "resolved": "https://registry.npmjs.org/lodash/-/lodash-4.17.19.tgz",
      "integrity": "sha512-JNvd8XER9GQX0v2qJgsaN/mzFCNA5BRe/j8JN9d+tWyGLSodKQHKFicdwNYzWwI3wjRnaKPsGj1XkBjx/F96DQ=="
    }
  }
}
