{
  "name": "bulk-docs-utils",
  "version": "1.0.0",
  "lockfileVersion": 1,
  "dependencies": {
    "@sinonjs/formatio": {
      "version": "2.0.0",
      "bundled": true,
      "requires": {
        "samsam": "1.3.0"
      }
    },
    "assertion-error": {
      "version": "1.1.0",
      "bundled": true
    },
    "balanced-match": {
      "version": "1.0.0",
      "bundled": true
    },
    "brace-expansion": {
      "version": "1.1.11",
      "bundled": true,
      "requires": {
        "balanced-match": "1.0.0",
        "concat-map": "0.0.1"
      }
    },
    "browser-stdout": {
      "version": "1.3.0",
      "bundled": true
    },
    "chai": {
      "version": "4.1.2",
      "bundled": true,
      "requires": {
        "assertion-error": "1.1.0",
        "check-error": "1.0.2",
        "deep-eql": "3.0.1",
        "get-func-name": "2.0.0",
        "pathval": "1.1.0",
        "type-detect": "4.0.8"
      }
    },
    "check-error": {
      "version": "1.0.2",
      "bundled": true
    },
    "commander": {
      "version": "2.11.0",
      "bundled": true
    },
    "concat-map": {
      "version": "0.0.1",
      "bundled": true
    },
    "debug": {
      "version": "3.1.0",
      "bundled": true,
      "requires": {
        "ms": "2.0.0"
      }
    },
    "deep-eql": {
      "version": "3.0.1",
      "bundled": true,
      "requires": {
        "type-detect": "4.0.8"
      }
    },
    "diff": {
      "version": "3.3.1",
      "bundled": true
    },
    "escape-string-regexp": {
      "version": "1.0.5",
      "bundled": true
    },
    "formatio": {
      "version": "1.2.0",
      "bundled": true,
      "requires": {
        "samsam": "1.3.0"
      }
    },
    "fs.realpath": {
      "version": "1.0.0",
      "bundled": true
    },
    "get-func-name": {
      "version": "2.0.0",
      "bundled": true
    },
    "glob": {
      "version": "7.1.2",
      "bundled": true,
      "requires": {
        "fs.realpath": "1.0.0",
        "inflight": "1.0.6",
        "inherits": "2.0.3",
        "minimatch": "3.0.4",
        "once": "1.4.0",
        "path-is-absolute": "1.0.1"
      }
    },
    "growl": {
      "version": "1.10.3",
      "bundled": true
    },
    "has-flag": {
      "version": "2.0.0",
      "bundled": true
    },
    "he": {
      "version": "1.1.1",
      "bundled": true
    },
    "inflight": {
      "version": "1.0.6",
      "bundled": true,
      "requires": {
        "once": "1.4.0",
        "wrappy": "1.0.2"
      }
    },
    "inherits": {
      "version": "2.0.3",
      "bundled": true
    },
    "isarray": {
      "version": "0.0.1",
      "bundled": true
    },
    "just-extend": {
      "version": "1.1.27",
      "bundled": true
    },
    "lodash.get": {
      "version": "4.4.2",
      "bundled": true
    },
    "lolex": {
      "version": "2.3.2",
      "bundled": true
    },
    "minimatch": {
      "version": "3.0.4",
      "bundled": true,
      "requires": {
        "brace-expansion": "1.1.11"
      }
    },
    "minimist": {
      "version": "0.0.8",
      "bundled": true
    },
    "mkdirp": {
      "version": "0.5.1",
      "bundled": true,
      "requires": {
        "minimist": "0.0.8"
      }
    },
    "mocha": {
      "version": "5.0.1",
      "bundled": true,
      "requires": {
        "browser-stdout": "1.3.0",
        "commander": "2.11.0",
        "debug": "3.1.0",
        "diff": "3.3.1",
        "escape-string-regexp": "1.0.5",
        "glob": "7.1.2",
        "growl": "1.10.3",
        "he": "1.1.1",
        "mkdirp": "0.5.1",
        "supports-color": "4.4.0"
      }
    },
    "ms": {
      "version": "2.0.0",
      "bundled": true
    },
    "native-promise-only": {
      "version": "0.8.1",
      "bundled": true
    },
    "nise": {
      "version": "1.2.5",
      "bundled": true,
      "requires": {
        "@sinonjs/formatio": "2.0.0",
        "just-extend": "1.1.27",
        "lolex": "2.3.2",
        "path-to-regexp": "1.7.0",
        "text-encoding": "0.6.4"
      }
    },
    "once": {
      "version": "1.4.0",
      "bundled": true,
      "requires": {
        "wrappy": "1.0.2"
      }
    },
    "path-is-absolute": {
      "version": "1.0.1",
      "bundled": true
    },
    "path-to-regexp": {
      "version": "1.7.0",
      "bundled": true,
      "requires": {
        "isarray": "0.0.1"
      }
    },
    "pathval": {
      "version": "1.1.0",
      "bundled": true
    },
    "samsam": {
      "version": "1.3.0",
      "bundled": true
    },
    "sinon": {
      "version": "4.0.1",
      "bundled": true,
      "requires": {
        "diff": "3.3.1",
        "formatio": "1.2.0",
        "lodash.get": "4.4.2",
        "lolex": "2.3.2",
        "native-promise-only": "0.8.1",
        "nise": "1.2.5",
        "path-to-regexp": "1.7.0",
        "samsam": "1.3.0",
        "text-encoding": "0.6.4",
        "type-detect": "4.0.8"
      }
    },
    "supports-color": {
      "version": "4.4.0",
      "bundled": true,
      "requires": {
        "has-flag": "2.0.0"
      }
    },
    "text-encoding": {
      "version": "0.6.4",
      "bundled": true
    },
    "type-detect": {
      "version": "4.0.8",
      "bundled": true
    },
    "wrappy": {
      "version": "1.0.2",
      "bundled": true
    }
  }
}
