{
  "name": "scripts",
  "version": "1.0.0",
  "lockfileVersion": 1,
  "requires": true,
  "dependencies": {
    "abort-controller": {
      "version": "3.0.0",
      "resolved": "https://registry.npmjs.org/abort-controller/-/abort-controller-3.0.0.tgz",
      "integrity": "sha512-h8lQ8tacZYnR3vNQTgibj+tODHI5/+l06Au2Pcriv/Gmet0eaj4TwWH41sO9wnHDiQsEj19q0drzdWdeAHtweg==",
      "requires": {
        "event-target-shim": "^5.0.0"
      }
    },
    "argsarray": {
      "version": "0.0.1",
      "resolved": "https://registry.npmjs.org/argsarray/-/argsarray-0.0.1.tgz",
      "integrity": "sha1-bnIHtOzbObCviDA/pa4ivajfYcs="
    },
    "buffer-from": {
      "version": "1.1.0",
      "resolved": "https://registry.npmjs.org/buffer-from/-/buffer-from-1.1.0.tgz",
      "integrity": "sha512-c5mRlguI/Pe2dSZmpER62rSCu0ryKmWddzRYsuXc50U2/g8jMOulc31VZMa4mYx31U5xsmSOpDCgH88Vl9cDGQ=="
    },
    "clone-buffer": {
      "version": "1.0.0",
      "resolved": "https://registry.npmjs.org/clone-buffer/-/clone-buffer-1.0.0.tgz",
      "integrity": "sha1-4+JbIHrE5wGvch4staFnksrD3Fg="
    },
    "es6-denodeify": {
      "version": "0.1.5",
      "resolved": "https://registry.npmjs.org/es6-denodeify/-/es6-denodeify-0.1.5.tgz",
      "integrity": "sha1-MdTV/pxVA+ElRgQ5MQ4WoqPznB8="
    },
    "event-target-shim": {
      "version": "5.0.1",
      "resolved": "https://registry.npmjs.org/event-target-shim/-/event-target-shim-5.0.1.tgz",
      "integrity": "sha512-i/2XbnSz/uxRCU6+NdVJgKWDTM427+MqYbkQzD321DuCQJUqOuJKIA0IM2+W2xtYHdKOmZ4dR6fExsd4SXL+WQ=="
    },
    "fetch-cookie": {
      "version": "0.7.3",
      "resolved": "https://registry.npmjs.org/fetch-cookie/-/fetch-cookie-0.7.3.tgz",
      "integrity": "sha512-rZPkLnI8x5V+zYAiz8QonAHsTb4BY+iFowFBI1RFn0zrO343AVp9X7/yUj/9wL6Ef/8fLls8b/vGtzUvmyAUGA==",
      "requires": {
        "es6-denodeify": "^0.1.1",
        "tough-cookie": "^2.3.3"
      }
    },
    "immediate": {
      "version": "3.0.6",
      "resolved": "https://registry.npmjs.org/immediate/-/immediate-3.0.6.tgz",
      "integrity": "sha1-nbHb0Pr43m++D13V5Wu2BigN5ps="
    },
    "inherits": {
      "version": "2.0.4",
      "resolved": "https://registry.npmjs.org/inherits/-/inherits-2.0.4.tgz",
      "integrity": "sha512-k/vGaX4/Yla3WzyMCvTQOXYeIHvqOKtnqBduzTHpzpQZzAskKMhZ2K+EnBiSM9zGSoIFeMpXKxa4dYeZIQqewQ=="
    },
    "node-fetch": {
      "version": "2.4.1",
      "resolved": "https://registry.npmjs.org/node-fetch/-/node-fetch-2.4.1.tgz",
      "integrity": "sha512-P9UbpFK87NyqBZzUuDBDz4f6Yiys8xm8j7ACDbi6usvFm6KItklQUKjeoqTrYS/S1k6I8oaOC2YLLDr/gg26Mw=="
    },
    "pouchdb-abstract-mapreduce": {
      "version": "7.2.1",
      "resolved": "https://registry.npmjs.org/pouchdb-abstract-mapreduce/-/pouchdb-abstract-mapreduce-7.2.1.tgz",
      "integrity": "sha512-7/6y9MssOP1RIw1O/NDjP1M3s9/899p6ab6TV7/B1ZWZuNpm/wWfu3NaUwrFLgnZbb7IaIpTG9YVx6NvZgYd8g==",
      "requires": {
        "pouchdb-binary-utils": "7.2.1",
        "pouchdb-collate": "7.2.1",
        "pouchdb-collections": "7.2.1",
        "pouchdb-errors": "7.2.1",
        "pouchdb-fetch": "7.2.1",
        "pouchdb-mapreduce-utils": "7.2.1",
        "pouchdb-md5": "7.2.1",
        "pouchdb-utils": "7.2.1"
      }
    },
    "pouchdb-adapter-http": {
      "version": "7.2.1",
      "resolved": "https://registry.npmjs.org/pouchdb-adapter-http/-/pouchdb-adapter-http-7.2.1.tgz",
      "integrity": "sha512-+JAoRkqPLneyrOj7oLCnGKtE+aei8mBiN4Id3bWxmSSBOKCoTDDO4iLAsqOEQGqd2fe1qujh0zFhjeJgg2UMPA==",
      "requires": {
        "argsarray": "0.0.1",
        "pouchdb-binary-utils": "7.2.1",
        "pouchdb-errors": "7.2.1",
        "pouchdb-fetch": "7.2.1",
        "pouchdb-utils": "7.2.1"
      }
    },
    "pouchdb-binary-utils": {
      "version": "7.2.1",
      "resolved": "https://registry.npmjs.org/pouchdb-binary-utils/-/pouchdb-binary-utils-7.2.1.tgz",
      "integrity": "sha512-kbzOOYti/3d8s2bQY5EfJVd7c9E84q4oEpr1M8fOOHKnINZFteKkZQywD4roblUnew0Obyhvozif4LAr3CMZFg==",
      "requires": {
        "buffer-from": "1.1.0"
      }
    },
    "pouchdb-changes-filter": {
      "version": "7.2.1",
      "resolved": "https://registry.npmjs.org/pouchdb-changes-filter/-/pouchdb-changes-filter-7.2.1.tgz",
      "integrity": "sha512-cXrkDSIqgG3WniIHac97OzFDHnN00RL26X9t0RoTCZo7s3wZ8lCunIPWaZLu5GoaueLzkKqyaBTNISe6wK0AhQ==",
      "requires": {
        "pouchdb-errors": "7.2.1",
        "pouchdb-selector-core": "7.2.1",
        "pouchdb-utils": "7.2.1"
      }
    },
    "pouchdb-collate": {
      "version": "7.2.1",
      "resolved": "https://registry.npmjs.org/pouchdb-collate/-/pouchdb-collate-7.2.1.tgz",
      "integrity": "sha512-vE1wGPOSJy1QLpHG4Jo6c7/Fronc5zEwILP6vMw/tY3BbpRHKVFKcbdf7g1FICR1mb8WPqkSwzlQbniuNMYMGQ=="
    },
    "pouchdb-collections": {
      "version": "7.2.1",
      "resolved": "https://registry.npmjs.org/pouchdb-collections/-/pouchdb-collections-7.2.1.tgz",
      "integrity": "sha512-cqe3GY3wDq2j59tnh+5ZV0bZj1O+YWiBz4qM7HEcgrEXnc29ADvXXPp71tmcpZUCR39bzLKyYtadAQu7FpOeOA=="
    },
    "pouchdb-core": {
      "version": "7.2.1",
      "resolved": "https://registry.npmjs.org/pouchdb-core/-/pouchdb-core-7.2.1.tgz",
      "integrity": "sha512-YY5OJEfrLPb9eCuPmemYcFnDMVKvk3sTaROzRu3crrhN9WD0wWbVpYgRj5KleW1O9kMqfYHxi2NQ6xv9vocGRA==",
      "requires": {
        "argsarray": "0.0.1",
        "inherits": "2.0.4",
        "pouchdb-changes-filter": "7.2.1",
        "pouchdb-collections": "7.2.1",
        "pouchdb-errors": "7.2.1",
        "pouchdb-fetch": "7.2.1",
        "pouchdb-merge": "7.2.1",
        "pouchdb-utils": "7.2.1"
      }
    },
    "pouchdb-errors": {
      "version": "7.2.1",
      "resolved": "https://registry.npmjs.org/pouchdb-errors/-/pouchdb-errors-7.2.1.tgz",
      "integrity": "sha512-/tBP+eWY6a62UoZnJ6JJlNmbNpNS5FgVimkqwLMrFQkXpbJlhshYDeJ5PHR0W3Rlfc54GMZC7m4KhJt9kG/CkA==",
      "requires": {
        "inherits": "2.0.4"
      }
    },
    "pouchdb-fetch": {
      "version": "7.2.1",
      "resolved": "https://registry.npmjs.org/pouchdb-fetch/-/pouchdb-fetch-7.2.1.tgz",
      "integrity": "sha512-5P77dwl5qF6GLZk36N65RNIsCwcNX79NSmQJnnbx9KGSH2R9yuvADqPCUSAYanX0+YDWizv3BBC/0V/oe8qSGQ==",
      "requires": {
        "abort-controller": "3.0.0",
        "fetch-cookie": "0.7.3",
        "node-fetch": "2.4.1"
      }
    },
    "pouchdb-mapreduce": {
      "version": "7.2.1",
      "resolved": "https://registry.npmjs.org/pouchdb-mapreduce/-/pouchdb-mapreduce-7.2.1.tgz",
      "integrity": "sha512-HbuCqcZN8/YIm+FP+W8w90wjvZZTtFCPnTxH2/nnIH+zdGxqYwiFwtuRyuR6hMTza922+cBkvUa1iWq7G8Js9g==",
      "requires": {
        "pouchdb-abstract-mapreduce": "7.2.1",
        "pouchdb-mapreduce-utils": "7.2.1",
        "pouchdb-utils": "7.2.1"
      }
    },
    "pouchdb-mapreduce-utils": {
      "version": "7.2.1",
      "resolved": "https://registry.npmjs.org/pouchdb-mapreduce-utils/-/pouchdb-mapreduce-utils-7.2.1.tgz",
      "integrity": "sha512-/7BEn9t+09PXBqQfC2mKiNkNAEOQ4OzwiEIKOIels0TRH8mCVXHjOZ4EC4526L+3aPhSxkUAkGBPbGdUJ5Sjjg==",
      "requires": {
        "argsarray": "0.0.1",
        "inherits": "2.0.4",
        "pouchdb-collections": "7.2.1",
        "pouchdb-utils": "7.2.1"
      }
    },
    "pouchdb-md5": {
      "version": "7.2.1",
      "resolved": "https://registry.npmjs.org/pouchdb-md5/-/pouchdb-md5-7.2.1.tgz",
      "integrity": "sha512-TJqGtNguctPiSai5b4+oTPi9oOcxSbNolkUtxRBxklf8kw+PNsDUi1H0DIFmA57n0qHCU19PXdbEVYlUhv/PAA==",
      "requires": {
        "pouchdb-binary-utils": "7.2.1",
        "spark-md5": "3.0.0"
      }
    },
    "pouchdb-merge": {
      "version": "7.2.1",
      "resolved": "https://registry.npmjs.org/pouchdb-merge/-/pouchdb-merge-7.2.1.tgz",
      "integrity": "sha512-TgxXPw1sZERwihoWSzLIdvn5MP1YKhYNaB0UuvYjboK+WUpCLh5WEeNTJi6WwUD9Yoc66QxP9D3qmfNEjd1BHQ=="
    },
    "pouchdb-selector-core": {
      "version": "7.2.1",
      "resolved": "https://registry.npmjs.org/pouchdb-selector-core/-/pouchdb-selector-core-7.2.1.tgz",
      "integrity": "sha512-omD/dSQIQjS0SIBCKJiACeoaPjJek+iDvQEUoTd51SjQR9aRGdKxkEO0+9qN1DJcf+mL4T/eSYYjqdeRwJ4L1A==",
      "requires": {
        "pouchdb-collate": "7.2.1",
        "pouchdb-utils": "7.2.1"
      }
    },
    "pouchdb-utils": {
      "version": "7.2.1",
      "resolved": "https://registry.npmjs.org/pouchdb-utils/-/pouchdb-utils-7.2.1.tgz",
      "integrity": "sha512-ZInfRpKtJ2HwLz2Dv3NEona9khvGud0rWzvQGwUs1zoaOoSB5XxK3ui5s5fLpBrONgz0WcTB49msOUq4oAUzFg==",
      "requires": {
        "argsarray": "0.0.1",
        "clone-buffer": "1.0.0",
        "immediate": "3.0.6",
        "inherits": "2.0.4",
        "pouchdb-collections": "7.2.1",
        "pouchdb-errors": "7.2.1",
        "pouchdb-md5": "7.2.1",
        "uuid": "3.3.3"
      }
    },
    "psl": {
      "version": "1.8.0",
      "resolved": "https://registry.npmjs.org/psl/-/psl-1.8.0.tgz",
      "integrity": "sha512-RIdOzyoavK+hA18OGGWDqUTsCLhtA7IcZ/6NCs4fFJaHBDab+pDDmDIByWFRQJq2Cd7r1OoQxBGKOaztq+hjIQ=="
    },
    "punycode": {
      "version": "2.1.1",
      "resolved": "https://registry.npmjs.org/punycode/-/punycode-2.1.1.tgz",
      "integrity": "sha512-XRsRjdf+j5ml+y/6GKHPZbrF/8p2Yga0JPtdqTIY2Xe5ohJPD9saDJJLPvp9+NSBprVvevdXZybnj2cv8OEd0A=="
    },
    "spark-md5": {
      "version": "3.0.0",
      "resolved": "https://registry.npmjs.org/spark-md5/-/spark-md5-3.0.0.tgz",
      "integrity": "sha1-NyIifFTi+vJLHcbZM8wUTm9xv+8="
    },
    "tough-cookie": {
      "version": "2.5.0",
      "resolved": "https://registry.npmjs.org/tough-cookie/-/tough-cookie-2.5.0.tgz",
      "integrity": "sha512-nlLsUzgm1kfLXSXfRZMc1KLAugd4hqJHDTvc2hDIwS3mZAfMEuMbc03SujMF+GEcpaX/qboeycw6iO8JwVv2+g==",
      "requires": {
        "psl": "^1.1.28",
        "punycode": "^2.1.1"
      }
    },
    "uuid": {
      "version": "3.3.3",
      "resolved": "https://registry.npmjs.org/uuid/-/uuid-3.3.3.tgz",
      "integrity": "sha512-pW0No1RGHgzlpHJO1nsVrHKpOEIxkGg1xB+v0ZmdNH5OAeAwzAVrCnI2/6Mtx+Uys6iaylxa+D3g4j63IKKjSQ=="
    }
  }
}
