{
  "name": "medic-admin",
  "version": "0.1.0",
  "lockfileVersion": 1,
  "requires": true,
  "dependencies": {
    "almond": {
      "version": "0.3.3",
      "resolved": "https://registry.npmjs.org/almond/-/almond-0.3.3.tgz",
      "integrity": "sha1-oOfJWsdiTWQXtElLHmi/9pMWiiA="
    },
    "angular": {
      "version": "1.6.9",
      "resolved": "https://registry.npmjs.org/angular/-/angular-1.6.9.tgz",
      "integrity": "sha512-6igWH2GIsxV+J38wNWCh8oyjaZsrIPIDO35twloIUyjlF2Yit6UyLAWujHP05ma/LFxTsx4NtYibRoMNBXPR1A=="
    },
    "angular-pouchdb": {
      "version": "5.0.1",
      "resolved": "https://registry.npmjs.org/angular-pouchdb/-/angular-pouchdb-5.0.1.tgz",
      "integrity": "sha1-QHk2VDYQEAQaBAkVLX/m4M00Ig4=",
      "requires": {
        "angular": "1.6.9",
        "pouchdb-browser": "6.4.3"
      }
    },
    "angular-route": {
      "version": "1.6.9",
      "resolved": "https://registry.npmjs.org/angular-route/-/angular-route-1.6.9.tgz",
      "integrity": "sha512-giE0PD0T17ZvtJmAB6di27YPPSzYC1kP1BDpM2ZIGZUbs02PvJWRIgYA8z3dy9olzCS35TOwxmE2fJoHWTMm1A=="
    },
    "angular-sanitize": {
      "version": "1.6.9",
      "resolved": "https://registry.npmjs.org/angular-sanitize/-/angular-sanitize-1.6.9.tgz",
      "integrity": "sha512-zWGQHWvmftkPTR0s6RCF9gx/pezR1V0swcVrkimMyBW3eK3ly7inG5BDDSt2oGExhWufV2VfnIv01T+tBUckNg=="
    },
    "angular-translate": {
      "version": "2.17.1",
      "resolved": "https://registry.npmjs.org/angular-translate/-/angular-translate-2.17.1.tgz",
      "integrity": "sha512-DaX1pRHhnp2ZUuU2FCQhzwNXb3oKaz4vvFTgS+CBbQFqVrL86bfyeQEnb7Kza+ncMipf5pCYzTXkCR2UX7/cqQ==",
      "requires": {
        "angular": "1.6.9"
      }
    },
    "angular-ui-bootstrap": {
      "version": "2.5.6",
      "resolved": "https://registry.npmjs.org/angular-ui-bootstrap/-/angular-ui-bootstrap-2.5.6.tgz",
      "integrity": "sha512-yzcHpPMLQl0232nDzm5P4iAFTFQ9dMw0QgFLuKYbDj9M0xJ62z0oudYD/Lvh1pWfRsukiytP4Xj6BHOSrSXP8A=="
    },
    "angular-ui-router": {
      "version": "0.4.3",
      "resolved": "https://registry.npmjs.org/angular-ui-router/-/angular-ui-router-0.4.3.tgz",
      "integrity": "sha512-EGBG7G7ArFVkJPM+ZIgPKuMYuT16UQrr3zj3BEiXHKwxss867bGt3u7QD9g4BxR+K2qQOSWok6JGvgTWXAko3A==",
      "requires": {
        "angular": "1.6.9"
      }
    },
    "argsarray": {
      "version": "0.0.1",
      "resolved": "https://registry.npmjs.org/argsarray/-/argsarray-0.0.1.tgz",
      "integrity": "sha1-bnIHtOzbObCviDA/pa4ivajfYcs="
    },
    "bootstrap": {
      "version": "3.3.7",
      "resolved": "https://registry.npmjs.org/bootstrap/-/bootstrap-3.3.7.tgz",
      "integrity": "sha1-WjiTlFSfIzMIdaOxUGVldPip63E="
    },
    "debug": {
      "version": "3.1.0",
      "resolved": "https://registry.npmjs.org/debug/-/debug-3.1.0.tgz",
      "integrity": "sha512-OX8XqP7/1a9cqkxYw2yXss15f26NKWBpDXQd0/uK/KPqdQhxbPa994hnzjcE2VqQpDslf55723cKPUOGSmMY3g==",
      "requires": {
        "ms": "2.0.0"
      }
    },
    "immediate": {
      "version": "3.0.6",
      "resolved": "https://registry.npmjs.org/immediate/-/immediate-3.0.6.tgz",
      "integrity": "sha1-nbHb0Pr43m++D13V5Wu2BigN5ps="
    },
    "inherits": {
      "version": "2.0.3",
      "resolved": "https://registry.npmjs.org/inherits/-/inherits-2.0.3.tgz",
      "integrity": "sha1-Yzwsg+PaQqUC9SRmAiSA9CCCYd4="
    },
    "jquery": {
      "version": "3.2.1",
      "resolved": "https://registry.npmjs.org/jquery/-/jquery-3.2.1.tgz",
      "integrity": "sha1-XE2d5lKvbNCncBVKYxu6ErAVx4c="
    },
    "jquery-mousewheel": {
      "version": "3.1.13",
      "resolved": "https://registry.npmjs.org/jquery-mousewheel/-/jquery-mousewheel-3.1.13.tgz",
      "integrity": "sha1-BvAzXxbjU6aV5yBr9QUDy1I6buU="
    },
    "lie": {
      "version": "3.1.1",
      "resolved": "https://registry.npmjs.org/lie/-/lie-3.1.1.tgz",
      "integrity": "sha1-mkNrLMd0bKWd56QfpGmz77dr2H4=",
      "requires": {
        "immediate": "3.0.6"
      }
    },
    "moment": {
      "version": "2.22.1",
      "resolved": "https://registry.npmjs.org/moment/-/moment-2.22.1.tgz",
      "integrity": "sha512-shJkRTSebXvsVqk56I+lkb2latjBs8I+pc2TzWc545y2iFnSjm7Wg0QMh+ZWcdSLQyGEau5jI8ocnmkyTgr9YQ=="
    },
    "ms": {
      "version": "2.0.0",
      "resolved": "https://registry.npmjs.org/ms/-/ms-2.0.0.tgz",
      "integrity": "sha1-VgiurfwAvmwpAd9fmGF4jeDVl8g="
    },
    "phone-number": {
      "version": "file:../shared-libs/phone-number"
    },
    "pouchdb-browser": {
      "version": "6.4.3",
      "resolved": "https://registry.npmjs.org/pouchdb-browser/-/pouchdb-browser-6.4.3.tgz",
      "integrity": "sha512-QNKX700WhxErO0UFn7wn0FFrP+DkZd+8R53rfQm7m+WTP/nZJpxCRoshPCI4PQxVaLGR/8eu0zRGLxG9mPW0Ow==",
      "requires": {
        "argsarray": "0.0.1",
        "debug": "3.1.0",
        "immediate": "3.0.6",
        "inherits": "2.0.3",
        "lie": "3.1.1",
        "spark-md5": "3.0.0",
        "uuid": "3.2.1",
        "vuvuzela": "1.0.3"
      }
    },
    "properties": {
      "version": "1.2.1",
      "resolved": "https://registry.npmjs.org/properties/-/properties-1.2.1.tgz",
      "integrity": "sha1-Dul6f8AgsaKlW4ZZ7aSqjYaQlL0="
    },
    "select2": {
      "version": "4.0.3",
      "resolved": "https://registry.npmjs.org/select2/-/select2-4.0.3.tgz",
      "integrity": "sha1-IHcz/pHqy5yxoT8SRjQB9HJEng8=",
      "requires": {
        "almond": "0.3.3",
        "jquery-mousewheel": "3.1.13"
      }
    },
    "spark-md5": {
      "version": "3.0.0",
      "resolved": "https://registry.npmjs.org/spark-md5/-/spark-md5-3.0.0.tgz",
      "integrity": "sha1-NyIifFTi+vJLHcbZM8wUTm9xv+8="
    },
    "underscore": {
      "version": "1.8.3",
      "resolved": "https://registry.npmjs.org/underscore/-/underscore-1.8.3.tgz",
      "integrity": "sha1-Tz+1OxBuYJf8+ctBCfKl6b36UCI="
    },
    "uuid": {
      "version": "3.2.1",
      "resolved": "https://registry.npmjs.org/uuid/-/uuid-3.2.1.tgz",
      "integrity": "sha512-jZnMwlb9Iku/O3smGWvZhauCf6cvvpKi4BKRiliS3cxnI+Gz9j5MEpTz2UFuXiKPJocb7gnsLHwiS05ige5BEA=="
    },
    "vuvuzela": {
      "version": "1.0.3",
      "resolved": "https://registry.npmjs.org/vuvuzela/-/vuvuzela-1.0.3.tgz",
      "integrity": "sha1-O+FF5YJxxzylUnndhR8SpoIRSws="
    }
  }
}
