{
  "name": "medic-admin",
  "version": "0.1.0",
  "lockfileVersion": 2,
  "requires": true,
  "packages": {
    "": {
      "name": "medic-admin",
      "version": "0.1.0",
      "dependencies": {
        "@medic/calendar-interval": "file:../shared-libs/calendar-interval",
        "@medic/cht-script-api": "file:../shared-libs/cht-script-api",
        "@medic/contact-types-utils": "file:../shared-libs/contact-types-utils",
        "@medic/lineage": "file:../shared-libs/lineage",
        "@medic/message-utils": "file:../shared-libs/message-utils",
        "@medic/phone-number": "file:../shared-libs/phone-number",
        "@medic/registration-utils": "file:../shared-libs/registration-utils",
        "@medic/search": "file:../shared-libs/search",
        "@medic/translation-utils": "file:../shared-libs/translation-utils",
        "@uirouter/angularjs": "^1.0.29",
        "angular": "^1.8.2",
        "angular-cookie": "^4.1.0",
        "angular-pouchdb": "^5.0.2",
        "angular-route": "^1.8.2",
        "angular-sanitize": "^1.8.2",
        "angular-translate": "^2.19.0",
        "angular-ui-bootstrap": "^2.5.6",
        "bikram-sambat": "^1.7.0",
        "bikram-sambat-bootstrap": "^1.5.0",
        "bootstrap": "^3.4.1",
        "font-awesome": "^4.7.0",
        "google-libphonenumber": "3.2.22",
        "gsm": "^0.1.4",
        "jquery": "^3.5.1",
        "lodash": "4.17.19",
        "messageformat": "^2.3.0",
        "moment": "^2.29.1",
        "mustache": "^4.2.0",
        "ng-redux": "^4.4.3",
        "object-path": "^0.11.8",
        "pouchdb-browser": "^7.2.2",
        "properties": "^1.2.1",
        "redux": "^4.1.1",
        "select2": "^4.0.11",
        "simple-password-tester": "^1.0.0",
        "uuid": "^8.3.2"
      },
      "engines": {
        "node": ">=8.11.0",
        "npm": ">=6.4.1"
      }
    },
    "../shared-libs/calendar-interval": {
      "name": "@medic/calendar-interval",
      "version": "1.0.0",
      "license": "Apache-2.0",
      "dependencies": {
        "moment": "^2.29.1"
      }
    },
    "../shared-libs/cht-script-api": {
      "name": "@medic/cht-script-api",
      "version": "1.0.0",
      "license": "Apache-2.0"
    },
    "../shared-libs/contact-types-utils": {
      "name": "@medic/contact-types-utils",
      "version": "1.0.0",
      "license": "Apache-2.0"
    },
    "../shared-libs/lineage": {
      "name": "@medic/lineage",
      "version": "1.0.0",
      "license": "Apache-2.0",
      "dependencies": {
        "@medic/contact-types-utils": "file:../contact-types-utils",
        "lodash": "4.17.19"
      },
      "devDependencies": {
        "@medic/memdown": "file:../memdown"
      }
    },
    "../shared-libs/message-utils": {
      "name": "@medic/message-utils",
      "version": "1.0.2",
      "license": "Apache-2.0",
      "dependencies": {
        "@medic/phone-number": "file:../phone-number",
        "bikram-sambat-bootstrap": "^1.5.0",
        "google-libphonenumber": "3.2.22",
        "gsm": "^0.1.4",
        "lodash": "^4.17.21",
        "moment": "^2.29.1",
        "mustache": "^4.2.0",
        "object-path": "^0.11.8"
      }
    },
    "../shared-libs/phone-number": {
      "name": "@medic/phone-number",
      "version": "1.0.0",
      "license": "Apache-2.0",
      "dependencies": {
        "google-libphonenumber": "3.2.22"
      }
    },
    "../shared-libs/registration-utils": {
      "name": "@medic/registration-utils",
      "version": "1.1.1",
      "license": "Apache-2.0",
      "dependencies": {
        "lodash": "^4.17.19"
      }
    },
    "../shared-libs/search": {
      "name": "@medic/search",
      "version": "1.1.1",
      "license": "Apache-2.0",
      "dependencies": {
        "lodash": "4.17.19",
        "moment": "^2.29.1"
      }
    },
    "../shared-libs/translation-utils": {
      "name": "@medic/translation-utils",
      "version": "1.0.1",
      "license": "Apache-2.0"
    },
    "node_modules/@babel/runtime": {
      "version": "7.16.7",
      "resolved": "https://registry.npmjs.org/@babel/runtime/-/runtime-7.16.7.tgz",
      "integrity": "sha512-9E9FJowqAsytyOY6LG+1KuueckRL+aQW+mKvXRXnuFGyRAyepJPmEo9vgMfXUA6O9u3IeEdv9MAkppFcaQwogQ==",
      "dependencies": {
        "regenerator-runtime": "^0.13.4"
      },
      "engines": {
        "node": ">=6.9.0"
      }
    },
    "node_modules/@babel/runtime/node_modules/regenerator-runtime": {
      "version": "0.13.9",
      "resolved": "https://registry.npmjs.org/regenerator-runtime/-/regenerator-runtime-0.13.9.tgz",
      "integrity": "sha512-p3VT+cOEgxFsRRA9X4lkI1E+k2/CtnKtU4gcxyaCUreilL/vqI6CdZ3wxVUx3UOUg+gnUOQQcRI7BmSI656MYA=="
    },
    "node_modules/@medic/calendar-interval": {
      "resolved": "../shared-libs/calendar-interval",
      "link": true
    },
    "node_modules/@medic/cht-script-api": {
      "resolved": "../shared-libs/cht-script-api",
      "link": true
    },
    "node_modules/@medic/contact-types-utils": {
      "resolved": "../shared-libs/contact-types-utils",
      "link": true
    },
    "node_modules/@medic/lineage": {
      "resolved": "../shared-libs/lineage",
      "link": true
    },
    "node_modules/@medic/message-utils": {
      "resolved": "../shared-libs/message-utils",
      "link": true
    },
    "node_modules/@medic/phone-number": {
      "resolved": "../shared-libs/phone-number",
      "link": true
    },
    "node_modules/@medic/registration-utils": {
      "resolved": "../shared-libs/registration-utils",
      "link": true
    },
    "node_modules/@medic/search": {
      "resolved": "../shared-libs/search",
      "link": true
    },
    "node_modules/@medic/translation-utils": {
      "resolved": "../shared-libs/translation-utils",
      "link": true
    },
    "node_modules/@uirouter/angularjs": {
      "version": "1.0.30",
      "resolved": "https://registry.npmjs.org/@uirouter/angularjs/-/angularjs-1.0.30.tgz",
      "integrity": "sha512-qkc3RFZc91S5K0gc/QVAXc9LGDPXjR04vDgG/11j8+yyZEuQojXxKxdLhKIepiPzqLmGRVqzBmBc27gtqaEeZg==",
      "dependencies": {
        "@uirouter/core": "6.0.8"
      },
      "engines": {
        "node": ">=4.0.0"
      },
      "peerDependencies": {
        "angular": ">=1.2.0"
      }
    },
    "node_modules/@uirouter/core": {
      "version": "6.0.8",
      "resolved": "https://registry.npmjs.org/@uirouter/core/-/core-6.0.8.tgz",
      "integrity": "sha512-Gc/BAW47i4L54p8dqYCJJZuv2s3tqlXQ0fvl6Zp2xrblELPVfxmjnc0eurx3XwfQdaqm3T6uls6tQKkof/4QMw==",
      "engines": {
        "node": ">=4.0.0"
      }
    },
    "node_modules/angular": {
      "version": "1.8.2",
      "resolved": "https://registry.npmjs.org/angular/-/angular-1.8.2.tgz",
      "integrity": "sha512-IauMOej2xEe7/7Ennahkbb5qd/HFADiNuLSESz9Q27inmi32zB0lnAsFeLEWcox3Gd1F6YhNd1CP7/9IukJ0Gw=="
    },
    "node_modules/angular-cookie": {
      "version": "4.1.0",
      "resolved": "https://registry.npmjs.org/angular-cookie/-/angular-cookie-4.1.0.tgz",
      "integrity": "sha1-bfxeGHODfiSVluXATVoavYWwpqU="
    },
    "node_modules/angular-pouchdb": {
      "version": "5.0.2",
      "resolved": "https://registry.npmjs.org/angular-pouchdb/-/angular-pouchdb-5.0.2.tgz",
      "integrity": "sha1-D0pcMgiYe7/RsmdxfeyG69KjAV4=",
      "dependencies": {
        "angular": ">=1 <2",
        "pouchdb-browser": "^6.0.7"
      }
    },
    "node_modules/angular-pouchdb/node_modules/pouchdb-browser": {
      "version": "6.4.3",
      "resolved": "https://registry.npmjs.org/pouchdb-browser/-/pouchdb-browser-6.4.3.tgz",
      "integrity": "sha512-QNKX700WhxErO0UFn7wn0FFrP+DkZd+8R53rfQm7m+WTP/nZJpxCRoshPCI4PQxVaLGR/8eu0zRGLxG9mPW0Ow==",
      "dependencies": {
        "argsarray": "0.0.1",
        "debug": "3.1.0",
        "immediate": "3.0.6",
        "inherits": "2.0.3",
        "lie": "3.1.1",
        "spark-md5": "3.0.0",
        "uuid": "3.2.1",
        "vuvuzela": "1.0.3"
      }
    },
    "node_modules/angular-pouchdb/node_modules/uuid": {
      "version": "3.2.1",
      "resolved": "https://registry.npmjs.org/uuid/-/uuid-3.2.1.tgz",
      "integrity": "sha512-jZnMwlb9Iku/O3smGWvZhauCf6cvvpKi4BKRiliS3cxnI+Gz9j5MEpTz2UFuXiKPJocb7gnsLHwiS05ige5BEA==",
      "deprecated": "Please upgrade  to version 7 or higher.  Older versions may use Math.random() in certain circumstances, which is known to be problematic.  See https://v8.dev/blog/math-random for details.",
      "bin": {
        "uuid": "bin/uuid"
      }
    },
    "node_modules/angular-route": {
      "version": "1.8.2",
      "resolved": "https://registry.npmjs.org/angular-route/-/angular-route-1.8.2.tgz",
      "integrity": "sha512-49LJYxuaQ/ZDiu9dD2xo1LkazqObkGjw0a7dUF7UKCT8EELgBsMd6QrI6aEVGtI62ppkiFkxqmiV8fcwYdXpug=="
    },
    "node_modules/angular-sanitize": {
      "version": "1.8.2",
      "resolved": "https://registry.npmjs.org/angular-sanitize/-/angular-sanitize-1.8.2.tgz",
      "integrity": "sha512-OB6Goa+QN3byf5asQ7XRl7DKZejm/F/ZOqa9z1skqYVOWA2hoBxoCmt9E7+i7T/TbxZP5zYzKxNZVVJNu860Hg=="
    },
    "node_modules/angular-translate": {
      "version": "2.19.0",
      "resolved": "https://registry.npmjs.org/angular-translate/-/angular-translate-2.19.0.tgz",
      "integrity": "sha512-Z/Fip5uUT2N85dPQ0sMEe1JdF5AehcDe4tg/9mWXNDVU531emHCg53ZND9Oe0dyNiGX5rWcJKmsL1Fujus1vGQ==",
      "dependencies": {
        "angular": "^1.8.0"
      },
      "engines": {
        "node": "*"
      }
    },
    "node_modules/angular-ui-bootstrap": {
      "version": "2.5.6",
      "resolved": "https://registry.npmjs.org/angular-ui-bootstrap/-/angular-ui-bootstrap-2.5.6.tgz",
      "integrity": "sha512-yzcHpPMLQl0232nDzm5P4iAFTFQ9dMw0QgFLuKYbDj9M0xJ62z0oudYD/Lvh1pWfRsukiytP4Xj6BHOSrSXP8A=="
    },
    "node_modules/argsarray": {
      "version": "0.0.1",
      "resolved": "https://registry.npmjs.org/argsarray/-/argsarray-0.0.1.tgz",
      "integrity": "sha1-bnIHtOzbObCviDA/pa4ivajfYcs="
    },
    "node_modules/babel-runtime": {
      "version": "6.26.0",
      "resolved": "https://registry.npmjs.org/babel-runtime/-/babel-runtime-6.26.0.tgz",
      "integrity": "sha1-llxwWGaOgrVde/4E/yM3vItWR/4=",
      "dependencies": {
        "core-js": "^2.4.0",
        "regenerator-runtime": "^0.11.0"
      }
    },
    "node_modules/bikram-sambat": {
      "version": "1.7.0",
      "resolved": "https://registry.npmjs.org/bikram-sambat/-/bikram-sambat-1.7.0.tgz",
      "integrity": "sha512-wcFkKw+wruQhlTEy5km5t38mVYIeO1t9fjGGnfXoHfDxh0VLDouKjHVhlfvQbZIT5CNoWMymA2v4WEWMcL+Rvw==",
      "dependencies": {
        "eurodigit": "^3.1.3"
      }
    },
    "node_modules/bikram-sambat-bootstrap": {
      "version": "1.5.0",
      "resolved": "https://registry.npmjs.org/bikram-sambat-bootstrap/-/bikram-sambat-bootstrap-1.5.0.tgz",
      "integrity": "sha512-Ztm8i5x4QU09Rnj4Dr2xNwPYlv6VNvMXFPf4uwawfzOnYfAw6tWYTe1fVHRbRMwGSNwhZPl1+3eRmU2HOovMJw==",
      "dependencies": {
        "bikram-sambat": "^1.6.0",
        "eurodigit": "^3.1.1"
      }
    },
    "node_modules/bootstrap": {
      "version": "3.4.1",
      "resolved": "https://registry.npmjs.org/bootstrap/-/bootstrap-3.4.1.tgz",
      "integrity": "sha512-yN5oZVmRCwe5aKwzRj6736nSmKDX7pLYwsXiCj/EYmo16hODaBiT4En5btW/jhBF/seV+XMx3aYwukYC3A49DA==",
      "engines": {
        "node": ">=6"
      }
    },
    "node_modules/core-js": {
      "version": "2.6.12",
      "resolved": "https://registry.npmjs.org/core-js/-/core-js-2.6.12.tgz",
      "integrity": "sha512-Kb2wC0fvsWfQrgk8HU5lW6U/Lcs8+9aaYcy4ZFc6DDlo4nZ7n70dEgE5rtR0oG6ufKDUnrwfWL1mXR5ljDatrQ==",
      "deprecated": "core-js@<3.3 is no longer maintained and not recommended for usage due to the number of issues. Because of the V8 engine whims, feature detection in old core-js versions could cause a slowdown up to 100x even if nothing is polyfilled. Please, upgrade your dependencies to the actual version of core-js.",
      "hasInstallScript": true
    },
    "node_modules/debug": {
      "version": "3.1.0",
      "resolved": "https://registry.npmjs.org/debug/-/debug-3.1.0.tgz",
      "integrity": "sha512-OX8XqP7/1a9cqkxYw2yXss15f26NKWBpDXQd0/uK/KPqdQhxbPa994hnzjcE2VqQpDslf55723cKPUOGSmMY3g==",
      "dependencies": {
        "ms": "2.0.0"
      }
    },
    "node_modules/eurodigit": {
      "version": "3.1.3",
      "resolved": "https://registry.npmjs.org/eurodigit/-/eurodigit-3.1.3.tgz",
      "integrity": "sha512-/bS2/yTT1/sa5tiT3sjxQ6dobYwGDkWRCeoWYUSUFcLYomEPWlgVfnCE3Iv4eJDJE9upHhtNycxD9XQbR+zicg=="
    },
    "node_modules/font-awesome": {
      "version": "4.7.0",
      "resolved": "https://registry.npmjs.org/font-awesome/-/font-awesome-4.7.0.tgz",
      "integrity": "sha1-j6jPBBGhoxr9B7BtKQK7n8gVoTM=",
      "engines": {
        "node": ">=0.10.3"
      }
    },
    "node_modules/google-libphonenumber": {
      "version": "3.2.22",
      "resolved": "https://registry.npmjs.org/google-libphonenumber/-/google-libphonenumber-3.2.22.tgz",
      "integrity": "sha512-lzEllxWc05n/HEv75SsDrA7zdEVvQzTZimItZm/TZ5XBs7cmx2NJmSlA5I0kZbdKNu8GFETBhSpo+SOhx0JslA==",
      "engines": {
        "node": ">=0.10"
      }
    },
    "node_modules/gsm": {
      "version": "0.1.4",
      "resolved": "https://registry.npmjs.org/gsm/-/gsm-0.1.4.tgz",
      "integrity": "sha1-+CdiTYokdi+lC8Sb/KgsIAbR6wo="
    },
    "node_modules/immediate": {
      "version": "3.0.6",
      "resolved": "https://registry.npmjs.org/immediate/-/immediate-3.0.6.tgz",
      "integrity": "sha1-nbHb0Pr43m++D13V5Wu2BigN5ps="
    },
    "node_modules/inherits": {
      "version": "2.0.3",
      "resolved": "https://registry.npmjs.org/inherits/-/inherits-2.0.3.tgz",
      "integrity": "sha1-Yzwsg+PaQqUC9SRmAiSA9CCCYd4="
    },
    "node_modules/invariant": {
      "version": "2.2.4",
      "resolved": "https://registry.npmjs.org/invariant/-/invariant-2.2.4.tgz",
      "integrity": "sha512-phJfQVBuaJM5raOpJjSfkiD6BpbCE4Ns//LaXl6wGYtUBY83nWS6Rf9tXm2e8VaK60JEjYldbPif/A2B1C2gNA==",
      "dependencies": {
        "loose-envify": "^1.0.0"
      }
    },
    "node_modules/jquery": {
      "version": "3.5.1",
      "resolved": "https://registry.npmjs.org/jquery/-/jquery-3.5.1.tgz",
      "integrity": "sha512-XwIBPqcMn57FxfT+Go5pzySnm4KWkT1Tv7gjrpT1srtf8Weynl6R273VJ5GjkRb51IzMp5nbaPjJXMWeju2MKg=="
    },
    "node_modules/js-tokens": {
      "version": "4.0.0",
      "resolved": "https://registry.npmjs.org/js-tokens/-/js-tokens-4.0.0.tgz",
      "integrity": "sha512-RdJUflcE3cUzKiMqQgsCu06FPu9UdIJO0beYbPhHN4k6apgJtifcoCtT9bcxOpYBtpD2kCM6Sbzg4CausW/PKQ=="
    },
    "node_modules/lie": {
      "version": "3.1.1",
      "resolved": "https://registry.npmjs.org/lie/-/lie-3.1.1.tgz",
      "integrity": "sha1-mkNrLMd0bKWd56QfpGmz77dr2H4=",
      "dependencies": {
        "immediate": "~3.0.5"
      }
    },
    "node_modules/lodash": {
      "version": "4.17.19",
      "resolved": "https://registry.npmjs.org/lodash/-/lodash-4.17.19.tgz",
      "integrity": "sha512-JNvd8XER9GQX0v2qJgsaN/mzFCNA5BRe/j8JN9d+tWyGLSodKQHKFicdwNYzWwI3wjRnaKPsGj1XkBjx/F96DQ=="
    },
    "node_modules/loose-envify": {
      "version": "1.4.0",
      "resolved": "https://registry.npmjs.org/loose-envify/-/loose-envify-1.4.0.tgz",
      "integrity": "sha512-lyuxPGr/Wfhrlem2CL/UcnUc1zcqKAImBDzukY7Y5F/yQiNdko6+fRLevlw1HgMySw7f611UIY408EtxRSoK3Q==",
      "dependencies": {
        "js-tokens": "^3.0.0 || ^4.0.0"
      },
      "bin": {
        "loose-envify": "cli.js"
      }
    },
    "node_modules/make-plural": {
      "version": "4.3.0",
      "resolved": "https://registry.npmjs.org/make-plural/-/make-plural-4.3.0.tgz",
      "integrity": "sha512-xTYd4JVHpSCW+aqDof6w/MebaMVNTVYBZhbB/vi513xXdiPT92JMVCo0Jq8W2UZnzYRFeVbQiQ+I25l13JuKvA==",
      "bin": {
        "make-plural": "bin/make-plural"
      },
      "optionalDependencies": {
        "minimist": "^1.2.0"
      }
    },
    "node_modules/messageformat": {
      "version": "2.3.0",
      "resolved": "https://registry.npmjs.org/messageformat/-/messageformat-2.3.0.tgz",
      "integrity": "sha512-uTzvsv0lTeQxYI2y1NPa1lItL5VRI8Gb93Y2K2ue5gBPyrbJxfDi/EYWxh2PKv5yO42AJeeqblS9MJSh/IEk4w==",
      "deprecated": "Package renamed as '@messageformat/core', see messageformat.github.io for more details. 'messageformat' will eventually provide a polyfill for Intl.MessageFormat, once it's been defined by Unicode & ECMA.",
      "dependencies": {
        "make-plural": "^4.3.0",
        "messageformat-formatters": "^2.0.1",
        "messageformat-parser": "^4.1.2"
      }
    },
    "node_modules/messageformat-formatters": {
      "version": "2.0.1",
      "resolved": "https://registry.npmjs.org/messageformat-formatters/-/messageformat-formatters-2.0.1.tgz",
      "integrity": "sha512-E/lQRXhtHwGuiQjI7qxkLp8AHbMD5r2217XNe/SREbBlSawe0lOqsFb7rflZJmlQFSULNLIqlcjjsCPlB3m3Mg=="
    },
    "node_modules/messageformat-parser": {
      "version": "4.1.3",
      "resolved": "https://registry.npmjs.org/messageformat-parser/-/messageformat-parser-4.1.3.tgz",
      "integrity": "sha512-2fU3XDCanRqeOCkn7R5zW5VQHWf+T3hH65SzuqRvjatBK7r4uyFa5mEX+k6F9Bd04LVM5G4/BHBTUJsOdW7uyg=="
    },
    "node_modules/minimist": {
      "version": "1.2.5",
      "resolved": "https://registry.npmjs.org/minimist/-/minimist-1.2.5.tgz",
      "integrity": "sha512-FM9nNUYrRBAELZQT3xeZQ7fmMOBg6nWNmJKTcgsJeaLstP/UODVpGsr5OhXhhXg6f+qtJ8uiZ+PUxkDWcgIXLw==",
      "optional": true
    },
    "node_modules/moment": {
      "version": "2.29.1",
      "resolved": "https://registry.npmjs.org/moment/-/moment-2.29.1.tgz",
      "integrity": "sha512-kHmoybcPV8Sqy59DwNDY3Jefr64lK/by/da0ViFcuA4DH0vQg5Q6Ze5VimxkfQNSC+Mls/Kx53s7TjP1RhFEDQ==",
      "engines": {
        "node": "*"
      }
    },
    "node_modules/ms": {
      "version": "2.0.0",
      "resolved": "https://registry.npmjs.org/ms/-/ms-2.0.0.tgz",
      "integrity": "sha1-VgiurfwAvmwpAd9fmGF4jeDVl8g="
    },
    "node_modules/mustache": {
      "version": "4.2.0",
      "resolved": "https://registry.npmjs.org/mustache/-/mustache-4.2.0.tgz",
      "integrity": "sha512-71ippSywq5Yb7/tVYyGbkBggbU8H3u5Rz56fH60jGFgr8uHwxs+aSKeqmluIVzM0m0kB7xQjKS6qPfd0b2ZoqQ==",
      "bin": {
        "mustache": "bin/mustache"
      }
    },
    "node_modules/ng-redux": {
      "version": "4.4.3",
      "resolved": "https://registry.npmjs.org/ng-redux/-/ng-redux-4.4.3.tgz",
      "integrity": "sha512-eJ1X7lwa95dCx2/iaS7UkvL301ksbmxs+/1mj5lE0YKIfC9zS+bXqzFxvDEJHflBMiWpz2ERF9/AdkyZz93UqQ==",
      "dependencies": {
        "babel-runtime": "^6.26.0",
        "invariant": "^2.2.2",
        "lodash": "^4.17.21"
      },
      "peerDependencies": {
        "redux": ">3.0.0"
      }
    },
    "node_modules/object-path": {
      "version": "0.11.8",
      "resolved": "https://registry.npmjs.org/object-path/-/object-path-0.11.8.tgz",
      "integrity": "sha512-YJjNZrlXJFM42wTBn6zgOJVar9KFJvzx6sTWDte8sWZF//cnjl0BxHNpfZx+ZffXX63A9q0b1zsFiBX4g4X5KA==",
      "engines": {
        "node": ">= 10.12.0"
      }
    },
    "node_modules/pouchdb-browser": {
      "version": "7.2.2",
      "resolved": "https://registry.npmjs.org/pouchdb-browser/-/pouchdb-browser-7.2.2.tgz",
      "integrity": "sha512-90pkngk9/F95knUwOhGQ0xuNzG51uIecF5kD5AfNdhqqrV9wbngz+I3QA7u/9eVyZRVyOrTrT3oaKcNqAB7Brg==",
      "dependencies": {
        "argsarray": "0.0.1",
        "immediate": "3.3.0",
        "inherits": "2.0.4",
        "spark-md5": "3.0.1",
        "uuid": "8.1.0",
        "vuvuzela": "1.0.3"
      }
    },
    "node_modules/pouchdb-browser/node_modules/immediate": {
      "version": "3.3.0",
      "resolved": "https://registry.npmjs.org/immediate/-/immediate-3.3.0.tgz",
      "integrity": "sha512-HR7EVodfFUdQCTIeySw+WDRFJlPcLOJbXfwwZ7Oom6tjsvZ3bOkCDJHehQC3nxJrv7+f9XecwazynjU8e4Vw3Q=="
    },
    "node_modules/pouchdb-browser/node_modules/inherits": {
      "version": "2.0.4",
      "resolved": "https://registry.npmjs.org/inherits/-/inherits-2.0.4.tgz",
      "integrity": "sha512-k/vGaX4/Yla3WzyMCvTQOXYeIHvqOKtnqBduzTHpzpQZzAskKMhZ2K+EnBiSM9zGSoIFeMpXKxa4dYeZIQqewQ=="
    },
    "node_modules/pouchdb-browser/node_modules/spark-md5": {
      "version": "3.0.1",
      "resolved": "https://registry.npmjs.org/spark-md5/-/spark-md5-3.0.1.tgz",
      "integrity": "sha512-0tF3AGSD1ppQeuffsLDIOWlKUd3lS92tFxcsrh5Pe3ZphhnoK+oXIBTzOAThZCiuINZLvpiLH/1VS1/ANEJVig=="
    },
    "node_modules/pouchdb-browser/node_modules/uuid": {
      "version": "8.1.0",
      "resolved": "https://registry.npmjs.org/uuid/-/uuid-8.1.0.tgz",
      "integrity": "sha512-CI18flHDznR0lq54xBycOVmphdCYnQLKn8abKn7PXUiKUGdEd+/l9LWNJmugXel4hXq7S+RMNl34ecyC9TntWg==",
      "bin": {
        "uuid": "dist/bin/uuid"
      }
    },
    "node_modules/properties": {
      "version": "1.2.1",
      "resolved": "https://registry.npmjs.org/properties/-/properties-1.2.1.tgz",
      "integrity": "sha1-Dul6f8AgsaKlW4ZZ7aSqjYaQlL0=",
      "engines": {
        "node": ">=0.10"
      }
    },
    "node_modules/redux": {
      "version": "4.1.2",
      "resolved": "https://registry.npmjs.org/redux/-/redux-4.1.2.tgz",
      "integrity": "sha512-SH8PglcebESbd/shgf6mii6EIoRM0zrQyjcuQ+ojmfxjTtE0z9Y8pa62iA/OJ58qjP6j27uyW4kUF4jl/jd6sw==",
      "dependencies": {
        "@babel/runtime": "^7.9.2"
      }
    },
    "node_modules/regenerator-runtime": {
      "version": "0.11.1",
      "resolved": "https://registry.npmjs.org/regenerator-runtime/-/regenerator-runtime-0.11.1.tgz",
      "integrity": "sha512-MguG95oij0fC3QV3URf4V2SDYGJhJnJGqvIIgdECeODCT98wSWDAJ94SSuVpYQUoTcGUIL6L4yNB7j1DFFHSBg=="
    },
    "node_modules/select2": {
      "version": "4.0.11",
      "resolved": "https://registry.npmjs.org/select2/-/select2-4.0.11.tgz",
      "integrity": "sha512-8Z/yd43F5EMOkz2Mo+aE7nOx2i8nSuxGZVFkbeyCklkU+WTwCa+xdZqG+IPgZ75lkEkLD+X+f8vEG9aKBxISqA=="
    },
    "node_modules/simple-password-tester": {
      "version": "1.0.0",
      "resolved": "https://registry.npmjs.org/simple-password-tester/-/simple-password-tester-1.0.0.tgz",
      "integrity": "sha512-YgRc3RsOVwHTsdvcrh6yccT8JgCQwy7n/RKmR5zkSpyNWkuZqN7cDGVXNFIYh2/D4faG7RhRHda1fePrqb3qFw=="
    },
    "node_modules/spark-md5": {
      "version": "3.0.0",
      "resolved": "https://registry.npmjs.org/spark-md5/-/spark-md5-3.0.0.tgz",
      "integrity": "sha1-NyIifFTi+vJLHcbZM8wUTm9xv+8="
    },
    "node_modules/uuid": {
      "version": "8.3.2",
      "resolved": "https://registry.npmjs.org/uuid/-/uuid-8.3.2.tgz",
      "integrity": "sha512-+NYs2QeMWy+GWFOEm9xnn6HCDp0l7QBD7ml8zLUmJ+93Q5NF0NocErnwkTkXVFNiX3/fpC6afS8Dhb/gz7R7eg==",
      "bin": {
        "uuid": "dist/bin/uuid"
      }
    },
    "node_modules/vuvuzela": {
      "version": "1.0.3",
      "resolved": "https://registry.npmjs.org/vuvuzela/-/vuvuzela-1.0.3.tgz",
      "integrity": "sha1-O+FF5YJxxzylUnndhR8SpoIRSws="
    }
  },
  "dependencies": {
    "@babel/runtime": {
      "version": "7.16.7",
      "resolved": "https://registry.npmjs.org/@babel/runtime/-/runtime-7.16.7.tgz",
      "integrity": "sha512-9E9FJowqAsytyOY6LG+1KuueckRL+aQW+mKvXRXnuFGyRAyepJPmEo9vgMfXUA6O9u3IeEdv9MAkppFcaQwogQ==",
      "requires": {
        "regenerator-runtime": "^0.13.4"
      },
      "dependencies": {
        "regenerator-runtime": {
          "version": "0.13.9",
          "resolved": "https://registry.npmjs.org/regenerator-runtime/-/regenerator-runtime-0.13.9.tgz",
          "integrity": "sha512-p3VT+cOEgxFsRRA9X4lkI1E+k2/CtnKtU4gcxyaCUreilL/vqI6CdZ3wxVUx3UOUg+gnUOQQcRI7BmSI656MYA=="
        }
      }
    },
    "@medic/calendar-interval": {
      "version": "file:../shared-libs/calendar-interval",
      "requires": {
        "moment": "^2.29.1"
      }
    },
    "@medic/cht-script-api": {
      "version": "file:../shared-libs/cht-script-api"
    },
    "@medic/contact-types-utils": {
      "version": "file:../shared-libs/contact-types-utils"
    },
    "@medic/lineage": {
      "version": "file:../shared-libs/lineage",
      "requires": {
        "@medic/contact-types-utils": "file:../contact-types-utils",
        "@medic/memdown": "file:../memdown",
        "lodash": "4.17.19"
      }
    },
    "@medic/message-utils": {
      "version": "file:../shared-libs/message-utils",
      "requires": {
        "@medic/phone-number": "file:../phone-number",
        "bikram-sambat-bootstrap": "^1.5.0",
        "google-libphonenumber": "3.2.22",
        "gsm": "^0.1.4",
        "lodash": "^4.17.21",
        "moment": "^2.29.1",
        "mustache": "^4.2.0",
        "object-path": "^0.11.8"
      }
    },
    "@medic/phone-number": {
      "version": "file:../shared-libs/phone-number",
      "requires": {
        "google-libphonenumber": "3.2.22"
      }
    },
    "@medic/registration-utils": {
      "version": "file:../shared-libs/registration-utils",
      "requires": {
        "lodash": "^4.17.19"
      }
    },
    "@medic/search": {
      "version": "file:../shared-libs/search",
      "requires": {
        "lodash": "4.17.19",
        "moment": "^2.29.1"
      }
    },
    "@medic/translation-utils": {
      "version": "file:../shared-libs/translation-utils"
    },
    "@uirouter/angularjs": {
      "version": "1.0.30",
      "resolved": "https://registry.npmjs.org/@uirouter/angularjs/-/angularjs-1.0.30.tgz",
      "integrity": "sha512-qkc3RFZc91S5K0gc/QVAXc9LGDPXjR04vDgG/11j8+yyZEuQojXxKxdLhKIepiPzqLmGRVqzBmBc27gtqaEeZg==",
      "requires": {
        "@uirouter/core": "6.0.8"
      }
    },
    "@uirouter/core": {
      "version": "6.0.8",
      "resolved": "https://registry.npmjs.org/@uirouter/core/-/core-6.0.8.tgz",
      "integrity": "sha512-Gc/BAW47i4L54p8dqYCJJZuv2s3tqlXQ0fvl6Zp2xrblELPVfxmjnc0eurx3XwfQdaqm3T6uls6tQKkof/4QMw=="
    },
    "angular": {
      "version": "1.8.2",
      "resolved": "https://registry.npmjs.org/angular/-/angular-1.8.2.tgz",
      "integrity": "sha512-IauMOej2xEe7/7Ennahkbb5qd/HFADiNuLSESz9Q27inmi32zB0lnAsFeLEWcox3Gd1F6YhNd1CP7/9IukJ0Gw=="
    },
    "angular-cookie": {
      "version": "4.1.0",
      "resolved": "https://registry.npmjs.org/angular-cookie/-/angular-cookie-4.1.0.tgz",
      "integrity": "sha1-bfxeGHODfiSVluXATVoavYWwpqU="
    },
    "angular-pouchdb": {
      "version": "5.0.2",
      "resolved": "https://registry.npmjs.org/angular-pouchdb/-/angular-pouchdb-5.0.2.tgz",
      "integrity": "sha1-D0pcMgiYe7/RsmdxfeyG69KjAV4=",
      "requires": {
        "angular": ">=1 <2",
        "pouchdb-browser": "^6.0.7"
      },
      "dependencies": {
        "pouchdb-browser": {
          "version": "6.4.3",
          "resolved": "https://registry.npmjs.org/pouchdb-browser/-/pouchdb-browser-6.4.3.tgz",
          "integrity": "sha512-QNKX700WhxErO0UFn7wn0FFrP+DkZd+8R53rfQm7m+WTP/nZJpxCRoshPCI4PQxVaLGR/8eu0zRGLxG9mPW0Ow==",
          "requires": {
            "argsarray": "0.0.1",
            "debug": "3.1.0",
            "immediate": "3.0.6",
            "inherits": "2.0.3",
            "lie": "3.1.1",
            "spark-md5": "3.0.0",
            "uuid": "3.2.1",
            "vuvuzela": "1.0.3"
          }
        },
        "uuid": {
          "version": "3.2.1",
          "resolved": "https://registry.npmjs.org/uuid/-/uuid-3.2.1.tgz",
          "integrity": "sha512-jZnMwlb9Iku/O3smGWvZhauCf6cvvpKi4BKRiliS3cxnI+Gz9j5MEpTz2UFuXiKPJocb7gnsLHwiS05ige5BEA=="
        }
      }
    },
    "angular-route": {
      "version": "1.8.2",
      "resolved": "https://registry.npmjs.org/angular-route/-/angular-route-1.8.2.tgz",
      "integrity": "sha512-49LJYxuaQ/ZDiu9dD2xo1LkazqObkGjw0a7dUF7UKCT8EELgBsMd6QrI6aEVGtI62ppkiFkxqmiV8fcwYdXpug=="
    },
    "angular-sanitize": {
      "version": "1.8.2",
      "resolved": "https://registry.npmjs.org/angular-sanitize/-/angular-sanitize-1.8.2.tgz",
      "integrity": "sha512-OB6Goa+QN3byf5asQ7XRl7DKZejm/F/ZOqa9z1skqYVOWA2hoBxoCmt9E7+i7T/TbxZP5zYzKxNZVVJNu860Hg=="
    },
    "angular-translate": {
      "version": "2.19.0",
      "resolved": "https://registry.npmjs.org/angular-translate/-/angular-translate-2.19.0.tgz",
      "integrity": "sha512-Z/Fip5uUT2N85dPQ0sMEe1JdF5AehcDe4tg/9mWXNDVU531emHCg53ZND9Oe0dyNiGX5rWcJKmsL1Fujus1vGQ==",
      "requires": {
        "angular": "^1.8.0"
      }
    },
    "angular-ui-bootstrap": {
      "version": "2.5.6",
      "resolved": "https://registry.npmjs.org/angular-ui-bootstrap/-/angular-ui-bootstrap-2.5.6.tgz",
      "integrity": "sha512-yzcHpPMLQl0232nDzm5P4iAFTFQ9dMw0QgFLuKYbDj9M0xJ62z0oudYD/Lvh1pWfRsukiytP4Xj6BHOSrSXP8A=="
    },
    "argsarray": {
      "version": "0.0.1",
      "resolved": "https://registry.npmjs.org/argsarray/-/argsarray-0.0.1.tgz",
      "integrity": "sha1-bnIHtOzbObCviDA/pa4ivajfYcs="
    },
    "babel-runtime": {
      "version": "6.26.0",
      "resolved": "https://registry.npmjs.org/babel-runtime/-/babel-runtime-6.26.0.tgz",
      "integrity": "sha1-llxwWGaOgrVde/4E/yM3vItWR/4=",
      "requires": {
        "core-js": "^2.4.0",
        "regenerator-runtime": "^0.11.0"
      }
    },
    "bikram-sambat": {
      "version": "1.7.0",
      "resolved": "https://registry.npmjs.org/bikram-sambat/-/bikram-sambat-1.7.0.tgz",
      "integrity": "sha512-wcFkKw+wruQhlTEy5km5t38mVYIeO1t9fjGGnfXoHfDxh0VLDouKjHVhlfvQbZIT5CNoWMymA2v4WEWMcL+Rvw==",
      "requires": {
        "eurodigit": "^3.1.3"
      }
    },
    "bikram-sambat-bootstrap": {
      "version": "1.5.0",
      "resolved": "https://registry.npmjs.org/bikram-sambat-bootstrap/-/bikram-sambat-bootstrap-1.5.0.tgz",
      "integrity": "sha512-Ztm8i5x4QU09Rnj4Dr2xNwPYlv6VNvMXFPf4uwawfzOnYfAw6tWYTe1fVHRbRMwGSNwhZPl1+3eRmU2HOovMJw==",
      "requires": {
        "bikram-sambat": "^1.6.0",
        "eurodigit": "^3.1.1"
      }
    },
    "bootstrap": {
      "version": "3.4.1",
      "resolved": "https://registry.npmjs.org/bootstrap/-/bootstrap-3.4.1.tgz",
      "integrity": "sha512-yN5oZVmRCwe5aKwzRj6736nSmKDX7pLYwsXiCj/EYmo16hODaBiT4En5btW/jhBF/seV+XMx3aYwukYC3A49DA=="
    },
    "core-js": {
      "version": "2.6.12",
      "resolved": "https://registry.npmjs.org/core-js/-/core-js-2.6.12.tgz",
      "integrity": "sha512-Kb2wC0fvsWfQrgk8HU5lW6U/Lcs8+9aaYcy4ZFc6DDlo4nZ7n70dEgE5rtR0oG6ufKDUnrwfWL1mXR5ljDatrQ=="
    },
    "debug": {
      "version": "3.1.0",
      "resolved": "https://registry.npmjs.org/debug/-/debug-3.1.0.tgz",
      "integrity": "sha512-OX8XqP7/1a9cqkxYw2yXss15f26NKWBpDXQd0/uK/KPqdQhxbPa994hnzjcE2VqQpDslf55723cKPUOGSmMY3g==",
      "requires": {
        "ms": "2.0.0"
      }
    },
    "eurodigit": {
      "version": "3.1.3",
      "resolved": "https://registry.npmjs.org/eurodigit/-/eurodigit-3.1.3.tgz",
      "integrity": "sha512-/bS2/yTT1/sa5tiT3sjxQ6dobYwGDkWRCeoWYUSUFcLYomEPWlgVfnCE3Iv4eJDJE9upHhtNycxD9XQbR+zicg=="
    },
    "font-awesome": {
      "version": "4.7.0",
      "resolved": "https://registry.npmjs.org/font-awesome/-/font-awesome-4.7.0.tgz",
      "integrity": "sha1-j6jPBBGhoxr9B7BtKQK7n8gVoTM="
    },
    "google-libphonenumber": {
      "version": "3.2.22",
      "resolved": "https://registry.npmjs.org/google-libphonenumber/-/google-libphonenumber-3.2.22.tgz",
      "integrity": "sha512-lzEllxWc05n/HEv75SsDrA7zdEVvQzTZimItZm/TZ5XBs7cmx2NJmSlA5I0kZbdKNu8GFETBhSpo+SOhx0JslA=="
    },
    "gsm": {
      "version": "0.1.4",
      "resolved": "https://registry.npmjs.org/gsm/-/gsm-0.1.4.tgz",
      "integrity": "sha1-+CdiTYokdi+lC8Sb/KgsIAbR6wo="
    },
    "immediate": {
      "version": "3.0.6",
      "resolved": "https://registry.npmjs.org/immediate/-/immediate-3.0.6.tgz",
      "integrity": "sha1-nbHb0Pr43m++D13V5Wu2BigN5ps="
    },
    "inherits": {
      "version": "2.0.3",
      "resolved": "https://registry.npmjs.org/inherits/-/inherits-2.0.3.tgz",
      "integrity": "sha1-Yzwsg+PaQqUC9SRmAiSA9CCCYd4="
    },
    "invariant": {
      "version": "2.2.4",
      "resolved": "https://registry.npmjs.org/invariant/-/invariant-2.2.4.tgz",
      "integrity": "sha512-phJfQVBuaJM5raOpJjSfkiD6BpbCE4Ns//LaXl6wGYtUBY83nWS6Rf9tXm2e8VaK60JEjYldbPif/A2B1C2gNA==",
      "requires": {
        "loose-envify": "^1.0.0"
      }
    },
    "jquery": {
      "version": "3.5.1",
      "resolved": "https://registry.npmjs.org/jquery/-/jquery-3.5.1.tgz",
      "integrity": "sha512-XwIBPqcMn57FxfT+Go5pzySnm4KWkT1Tv7gjrpT1srtf8Weynl6R273VJ5GjkRb51IzMp5nbaPjJXMWeju2MKg=="
    },
    "js-tokens": {
      "version": "4.0.0",
      "resolved": "https://registry.npmjs.org/js-tokens/-/js-tokens-4.0.0.tgz",
      "integrity": "sha512-RdJUflcE3cUzKiMqQgsCu06FPu9UdIJO0beYbPhHN4k6apgJtifcoCtT9bcxOpYBtpD2kCM6Sbzg4CausW/PKQ=="
    },
    "lie": {
      "version": "3.1.1",
      "resolved": "https://registry.npmjs.org/lie/-/lie-3.1.1.tgz",
      "integrity": "sha1-mkNrLMd0bKWd56QfpGmz77dr2H4=",
      "requires": {
        "immediate": "~3.0.5"
      }
    },
    "lodash": {
      "version": "4.17.19",
      "resolved": "https://registry.npmjs.org/lodash/-/lodash-4.17.19.tgz",
      "integrity": "sha512-JNvd8XER9GQX0v2qJgsaN/mzFCNA5BRe/j8JN9d+tWyGLSodKQHKFicdwNYzWwI3wjRnaKPsGj1XkBjx/F96DQ=="
    },
    "loose-envify": {
      "version": "1.4.0",
      "resolved": "https://registry.npmjs.org/loose-envify/-/loose-envify-1.4.0.tgz",
      "integrity": "sha512-lyuxPGr/Wfhrlem2CL/UcnUc1zcqKAImBDzukY7Y5F/yQiNdko6+fRLevlw1HgMySw7f611UIY408EtxRSoK3Q==",
      "requires": {
        "js-tokens": "^3.0.0 || ^4.0.0"
      }
    },
    "make-plural": {
      "version": "4.3.0",
      "resolved": "https://registry.npmjs.org/make-plural/-/make-plural-4.3.0.tgz",
      "integrity": "sha512-xTYd4JVHpSCW+aqDof6w/MebaMVNTVYBZhbB/vi513xXdiPT92JMVCo0Jq8W2UZnzYRFeVbQiQ+I25l13JuKvA==",
      "requires": {
        "minimist": "^1.2.0"
      }
    },
    "messageformat": {
      "version": "2.3.0",
      "resolved": "https://registry.npmjs.org/messageformat/-/messageformat-2.3.0.tgz",
      "integrity": "sha512-uTzvsv0lTeQxYI2y1NPa1lItL5VRI8Gb93Y2K2ue5gBPyrbJxfDi/EYWxh2PKv5yO42AJeeqblS9MJSh/IEk4w==",
      "requires": {
        "make-plural": "^4.3.0",
        "messageformat-formatters": "^2.0.1",
        "messageformat-parser": "^4.1.2"
      }
    },
    "messageformat-formatters": {
      "version": "2.0.1",
      "resolved": "https://registry.npmjs.org/messageformat-formatters/-/messageformat-formatters-2.0.1.tgz",
      "integrity": "sha512-E/lQRXhtHwGuiQjI7qxkLp8AHbMD5r2217XNe/SREbBlSawe0lOqsFb7rflZJmlQFSULNLIqlcjjsCPlB3m3Mg=="
    },
    "messageformat-parser": {
      "version": "4.1.3",
      "resolved": "https://registry.npmjs.org/messageformat-parser/-/messageformat-parser-4.1.3.tgz",
      "integrity": "sha512-2fU3XDCanRqeOCkn7R5zW5VQHWf+T3hH65SzuqRvjatBK7r4uyFa5mEX+k6F9Bd04LVM5G4/BHBTUJsOdW7uyg=="
    },
    "minimist": {
      "version": "1.2.5",
      "resolved": "https://registry.npmjs.org/minimist/-/minimist-1.2.5.tgz",
      "integrity": "sha512-FM9nNUYrRBAELZQT3xeZQ7fmMOBg6nWNmJKTcgsJeaLstP/UODVpGsr5OhXhhXg6f+qtJ8uiZ+PUxkDWcgIXLw==",
      "optional": true
    },
    "moment": {
      "version": "2.29.1",
      "resolved": "https://registry.npmjs.org/moment/-/moment-2.29.1.tgz",
      "integrity": "sha512-kHmoybcPV8Sqy59DwNDY3Jefr64lK/by/da0ViFcuA4DH0vQg5Q6Ze5VimxkfQNSC+Mls/Kx53s7TjP1RhFEDQ=="
    },
    "ms": {
      "version": "2.0.0",
      "resolved": "https://registry.npmjs.org/ms/-/ms-2.0.0.tgz",
      "integrity": "sha1-VgiurfwAvmwpAd9fmGF4jeDVl8g="
    },
    "mustache": {
      "version": "4.2.0",
      "resolved": "https://registry.npmjs.org/mustache/-/mustache-4.2.0.tgz",
      "integrity": "sha512-71ippSywq5Yb7/tVYyGbkBggbU8H3u5Rz56fH60jGFgr8uHwxs+aSKeqmluIVzM0m0kB7xQjKS6qPfd0b2ZoqQ=="
    },
    "ng-redux": {
      "version": "4.4.3",
      "resolved": "https://registry.npmjs.org/ng-redux/-/ng-redux-4.4.3.tgz",
      "integrity": "sha512-eJ1X7lwa95dCx2/iaS7UkvL301ksbmxs+/1mj5lE0YKIfC9zS+bXqzFxvDEJHflBMiWpz2ERF9/AdkyZz93UqQ==",
      "requires": {
        "babel-runtime": "^6.26.0",
        "invariant": "^2.2.2",
        "lodash": "^4.17.21"
      }
    },
    "object-path": {
      "version": "0.11.8",
      "resolved": "https://registry.npmjs.org/object-path/-/object-path-0.11.8.tgz",
      "integrity": "sha512-YJjNZrlXJFM42wTBn6zgOJVar9KFJvzx6sTWDte8sWZF//cnjl0BxHNpfZx+ZffXX63A9q0b1zsFiBX4g4X5KA=="
    },
    "pouchdb-browser": {
      "version": "7.2.2",
      "resolved": "https://registry.npmjs.org/pouchdb-browser/-/pouchdb-browser-7.2.2.tgz",
      "integrity": "sha512-90pkngk9/F95knUwOhGQ0xuNzG51uIecF5kD5AfNdhqqrV9wbngz+I3QA7u/9eVyZRVyOrTrT3oaKcNqAB7Brg==",
      "requires": {
        "argsarray": "0.0.1",
        "immediate": "3.3.0",
        "inherits": "2.0.4",
        "spark-md5": "3.0.1",
        "uuid": "8.1.0",
        "vuvuzela": "1.0.3"
      },
      "dependencies": {
        "immediate": {
          "version": "3.3.0",
          "resolved": "https://registry.npmjs.org/immediate/-/immediate-3.3.0.tgz",
          "integrity": "sha512-HR7EVodfFUdQCTIeySw+WDRFJlPcLOJbXfwwZ7Oom6tjsvZ3bOkCDJHehQC3nxJrv7+f9XecwazynjU8e4Vw3Q=="
        },
        "inherits": {
          "version": "2.0.4",
          "resolved": "https://registry.npmjs.org/inherits/-/inherits-2.0.4.tgz",
          "integrity": "sha512-k/vGaX4/Yla3WzyMCvTQOXYeIHvqOKtnqBduzTHpzpQZzAskKMhZ2K+EnBiSM9zGSoIFeMpXKxa4dYeZIQqewQ=="
        },
        "spark-md5": {
          "version": "3.0.1",
          "resolved": "https://registry.npmjs.org/spark-md5/-/spark-md5-3.0.1.tgz",
          "integrity": "sha512-0tF3AGSD1ppQeuffsLDIOWlKUd3lS92tFxcsrh5Pe3ZphhnoK+oXIBTzOAThZCiuINZLvpiLH/1VS1/ANEJVig=="
        },
        "uuid": {
          "version": "8.1.0",
          "resolved": "https://registry.npmjs.org/uuid/-/uuid-8.1.0.tgz",
          "integrity": "sha512-CI18flHDznR0lq54xBycOVmphdCYnQLKn8abKn7PXUiKUGdEd+/l9LWNJmugXel4hXq7S+RMNl34ecyC9TntWg=="
        }
      }
    },
    "properties": {
      "version": "1.2.1",
      "resolved": "https://registry.npmjs.org/properties/-/properties-1.2.1.tgz",
      "integrity": "sha1-Dul6f8AgsaKlW4ZZ7aSqjYaQlL0="
    },
    "redux": {
      "version": "4.1.2",
      "resolved": "https://registry.npmjs.org/redux/-/redux-4.1.2.tgz",
      "integrity": "sha512-SH8PglcebESbd/shgf6mii6EIoRM0zrQyjcuQ+ojmfxjTtE0z9Y8pa62iA/OJ58qjP6j27uyW4kUF4jl/jd6sw==",
      "requires": {
        "@babel/runtime": "^7.9.2"
      }
    },
    "regenerator-runtime": {
      "version": "0.11.1",
      "resolved": "https://registry.npmjs.org/regenerator-runtime/-/regenerator-runtime-0.11.1.tgz",
      "integrity": "sha512-MguG95oij0fC3QV3URf4V2SDYGJhJnJGqvIIgdECeODCT98wSWDAJ94SSuVpYQUoTcGUIL6L4yNB7j1DFFHSBg=="
    },
    "select2": {
      "version": "4.0.11",
      "resolved": "https://registry.npmjs.org/select2/-/select2-4.0.11.tgz",
      "integrity": "sha512-8Z/yd43F5EMOkz2Mo+aE7nOx2i8nSuxGZVFkbeyCklkU+WTwCa+xdZqG+IPgZ75lkEkLD+X+f8vEG9aKBxISqA=="
    },
    "simple-password-tester": {
      "version": "1.0.0",
      "resolved": "https://registry.npmjs.org/simple-password-tester/-/simple-password-tester-1.0.0.tgz",
      "integrity": "sha512-YgRc3RsOVwHTsdvcrh6yccT8JgCQwy7n/RKmR5zkSpyNWkuZqN7cDGVXNFIYh2/D4faG7RhRHda1fePrqb3qFw=="
    },
    "spark-md5": {
      "version": "3.0.0",
      "resolved": "https://registry.npmjs.org/spark-md5/-/spark-md5-3.0.0.tgz",
      "integrity": "sha1-NyIifFTi+vJLHcbZM8wUTm9xv+8="
    },
    "uuid": {
      "version": "8.3.2",
      "resolved": "https://registry.npmjs.org/uuid/-/uuid-8.3.2.tgz",
      "integrity": "sha512-+NYs2QeMWy+GWFOEm9xnn6HCDp0l7QBD7ml8zLUmJ+93Q5NF0NocErnwkTkXVFNiX3/fpC6afS8Dhb/gz7R7eg=="
    },
    "vuvuzela": {
      "version": "1.0.3",
      "resolved": "https://registry.npmjs.org/vuvuzela/-/vuvuzela-1.0.3.tgz",
      "integrity": "sha1-O+FF5YJxxzylUnndhR8SpoIRSws="
    }
  }
}
