# THIS IS AN AUTOGENERATED FILE. DO NOT EDIT THIS FILE DIRECTLY.
# yarn lockfile v1


almond@~0.3.1:
  version "0.3.3"
  resolved "https://registry.yarnpkg.com/almond/-/almond-0.3.3.tgz#a0e7c95ac7624d6417b4494b1e68bff693168a20"

angular-cookie@^4.1.0:
  version "4.1.0"
  resolved "https://registry.yarnpkg.com/angular-cookie/-/angular-cookie-4.1.0.tgz#6dfc5e1873837e249596e5c04d5a1abd85b0a6a5"

angular-pouchdb@^5.0.2:
  version "5.0.2"
  resolved "https://registry.yarnpkg.com/angular-pouchdb/-/angular-pouchdb-5.0.2.tgz#0f4a5c3208987bbfd1b267717dec86ebd2a3015e"
  dependencies:
    angular ">=1 <2"
    pouchdb-browser "^6.0.7"

angular-route@^1.7.3:
  version "1.7.3"
  resolved "https://registry.yarnpkg.com/angular-route/-/angular-route-1.7.3.tgz#245c7ea7d18514c1d08201588092db7df210e7c6"

angular-sanitize@^1.7.3:
  version "1.7.3"
  resolved "https://registry.yarnpkg.com/angular-sanitize/-/angular-sanitize-1.7.3.tgz#e1ddaa7337724f9554066fd9e9123486b8881c4a"

angular-translate@^2.18.1:
  version "2.18.1"
  resolved "https://registry.yarnpkg.com/angular-translate/-/angular-translate-2.18.1.tgz#b29ed0d2f9bac44075e7aad3284166c59e150791"
  dependencies:
    angular ">=1.2.26 <=1.7"

angular-ui-bootstrap@^2.5.6:
  version "2.5.6"
  resolved "https://registry.yarnpkg.com/angular-ui-bootstrap/-/angular-ui-bootstrap-2.5.6.tgz#23937322ec641a6fbee16498cc32452aa199e7c5"

angular-ui-router@^0.4.3:
  version "0.4.3"
  resolved "https://registry.yarnpkg.com/angular-ui-router/-/angular-ui-router-0.4.3.tgz#6c29546fe50b8d2f74614dcb8660d6fc40d6e167"
  dependencies:
    angular "^1.0.8"

"angular@>=1 <2", angular@^1.0.8:
  version "1.6.10"
  resolved "https://registry.yarnpkg.com/angular/-/angular-1.6.10.tgz#eed3080a34d29d0f681ff119b18ce294e3f74826"

"angular@>=1.2.26 <=1.7":
  version "1.7.2"
  resolved "https://registry.yarnpkg.com/angular/-/angular-1.7.2.tgz#687b955dbe5c533f8d73460461707af00360251f"

angular@^1.7.3:
  version "1.7.3"
  resolved "https://registry.yarnpkg.com/angular/-/angular-1.7.3.tgz#0f25a661d079fc84d5ccc877a2ef9d7178575ddb"

argsarray@0.0.1:
  version "0.0.1"
  resolved "https://registry.yarnpkg.com/argsarray/-/argsarray-0.0.1.tgz#6e7207b4ecdb39b0af88303fa5ae22bda8df61cb"

bootstrap@^3.3.7:
  version "3.3.7"
  resolved "https://registry.yarnpkg.com/bootstrap/-/bootstrap-3.3.7.tgz#5a389394549f23330875a3b150656574f8a9eb71"

font-awesome@^4.7.0:
  version "4.7.0"
  resolved "https://registry.yarnpkg.com/font-awesome/-/font-awesome-4.7.0.tgz#8fa8cf0411a1a31afd07b06d2902bb9fc815a133"

google-libphonenumber@^3.1.11:
  version "3.1.11"
  resolved "https://registry.yarnpkg.com/google-libphonenumber/-/google-libphonenumber-3.1.11.tgz#894eafe874fbd456e794e322501b832871b7c568"

immediate@3.0.6:
  version "3.0.6"
  resolved "https://registry.yarnpkg.com/immediate/-/immediate-3.0.6.tgz#9db1dbd0faf8de6fbe0f5dd5e56bb606280de69b"

inherits@2.0.3:
  version "2.0.3"
  resolved "https://registry.yarnpkg.com/inherits/-/inherits-2.0.3.tgz#633c2c83e3da42a502f52466022480f4208261de"

jquery-mousewheel@~3.1.13:
  version "3.1.13"
  resolved "https://registry.yarnpkg.com/jquery-mousewheel/-/jquery-mousewheel-3.1.13.tgz#06f0335f16e353a695e7206bf50503cb523a6ee5"

jquery@3.2.x:
  version "3.2.1"
  resolved "https://registry.yarnpkg.com/jquery/-/jquery-3.2.1.tgz#5c4d9de652af6cd0a770154a631bba12b015c787"

"lineage@file:../shared-libs/lineage":
  version "1.0.0"
  dependencies:
    underscore "^1.9.1"

make-plural@^4.2.0:
  version "4.2.0"
  resolved "https://registry.yarnpkg.com/make-plural/-/make-plural-4.2.0.tgz#03edfc34a2aee630a57e209369ef26ee3ca69590"
  optionalDependencies:
    minimist "^1.2.0"

"message-utils@file:../shared-libs/message-utils":
  version "1.0.0"
  dependencies:
    underscore "^1.9.1"

messageformat-parser@^3.0.0:
  version "3.0.0"
  resolved "https://registry.yarnpkg.com/messageformat-parser/-/messageformat-parser-3.0.0.tgz#38ae9348eb4834ab19b3a8d682af7babb335f37a"

messageformat@^2.0.4:
  version "2.0.4"
  resolved "https://registry.yarnpkg.com/messageformat/-/messageformat-2.0.4.tgz#8d713e6d118e012bb8bd3f8c8aef05fc1418e5ea"
  dependencies:
    make-plural "^4.2.0"
    messageformat-parser "^3.0.0"
    reserved-words "^0.1.2"

minimist@^1.2.0:
  version "1.2.0"
  resolved "https://registry.yarnpkg.com/minimist/-/minimist-1.2.0.tgz#a35008b20f41383eec1fb914f4cd5df79a264284"

moment@^2.22.2:
  version "2.22.2"
  resolved "https://registry.yarnpkg.com/moment/-/moment-2.22.2.tgz#3c257f9839fc0e93ff53149632239eb90783ff66"

"phone-number@file:../shared-libs/phone-number":
  version "1.0.0"
  dependencies:
    google-libphonenumber "^3.1.11"

pouchdb-browser@^6.0.7, pouchdb-browser@^7.0.0:
  version "7.0.0"
  resolved "https://registry.yarnpkg.com/pouchdb-browser/-/pouchdb-browser-7.0.0.tgz#d493fd738f21f7c91f17bbb7ee7ad97c2072e546"
  dependencies:
    argsarray "0.0.1"
    immediate "3.0.6"
    inherits "2.0.3"
    spark-md5 "3.0.0"
    uuid "3.2.1"
    vuvuzela "1.0.3"

properties@^1.2.1:
  version "1.2.1"
  resolved "https://registry.yarnpkg.com/properties/-/properties-1.2.1.tgz#0ee97a7fc020b1a2a55b8659eda4aa8d869094bd"

"registration-utils@file:../shared-libs/registration-utils":
  version "1.0.0"

reserved-words@^0.1.2:
  version "0.1.2"
  resolved "https://registry.yarnpkg.com/reserved-words/-/reserved-words-0.1.2.tgz#00a0940f98cd501aeaaac316411d9adc52b31ab1"

select2@^4.0.3:
  version "4.0.5"
  resolved "https://registry.yarnpkg.com/select2/-/select2-4.0.5.tgz#7aac50692561985b34d3b82ec55e226f8960d40a"
  dependencies:
    almond "~0.3.1"
    jquery-mousewheel "~3.1.13"

simple-password-tester@^1.0.0:
  version "1.0.0"
  resolved "https://registry.yarnpkg.com/simple-password-tester/-/simple-password-tester-1.0.0.tgz#46fa8fa8cf4d41823a32f0842159f11c5a5ff943"

spark-md5@3.0.0:
  version "3.0.0"
  resolved "https://registry.yarnpkg.com/spark-md5/-/spark-md5-3.0.0.tgz#3722227c54e2faf24b1dc6d933cc144e6f71bfef"

underscore@^1.9.1:
  version "1.9.1"
  resolved "https://registry.yarnpkg.com/underscore/-/underscore-1.9.1.tgz#06dce34a0e68a7babc29b365b8e74b8925203961"

uuid@3.2.1:
  version "3.2.1"
  resolved "https://registry.yarnpkg.com/uuid/-/uuid-3.2.1.tgz#12c528bb9d58d0b9265d9a2f6f0fe8be17ff1f14"

vuvuzela@1.0.3:
  version "1.0.3"
  resolved "https://registry.yarnpkg.com/vuvuzela/-/vuvuzela-1.0.3.tgz#3be145e58271c73ca55279dd851f12a682114b0b"
