{
  "name": "@medic/phone-number",
  "version": "1.0.0",
  "lockfileVersion": 2,
  "requires": true,
  "packages": {
    "": {
      "name": "@medic/phone-number",
      "version": "1.0.0",
      "license": "Apache-2.0",
      "dependencies": {
        "google-libphonenumber": "^3.2.31"
      }
    },
    "node_modules/google-libphonenumber": {
      "version": "3.2.31",
      "resolved": "https://registry.npmjs.org/google-libphonenumber/-/google-libphonenumber-3.2.31.tgz",
      "integrity": "sha512-l3bzAkfN4ITICKvuqEiY7JN06RxDAviOoKMtD2KfGYjGK3btPO8Xav7k0fgmf1Ud/pEm523yBh1/s/xDtKEvnw==",
      "engines": {
        "node": ">=0.10"
      }
    }
  },
  "dependencies": {
    "google-libphonenumber": {
      "version": "3.2.31",
      "resolved": "https://registry.npmjs.org/google-libphonenumber/-/google-libphonenumber-3.2.31.tgz",
      "integrity": "sha512-l3bzAkfN4ITICKvuqEiY7JN06RxDAviOoKMtD2KfGYjGK3btPO8Xav7k0fgmf1Ud/pEm523yBh1/s/xDtKEvnw=="
    }
  }
}
