{
  "name": "medic-sentinel",
  "version": "0.1.0",
  "lockfileVersion": 2,
  "requires": true,
  "packages": {
    "": {
      "name": "medic-sentinel",
      "version": "0.1.0",
      "engines": {
        "node": ">=22.11.0",
        "npm": ">=10.9.0"
      }
    },
    "../shared-libs/cht-datasource": {
      "version": "1.0.0",
      "extraneous": true,
      "license": "Apache-2.0"
    },
    "../shared-libs/contact-types-utils": {
      "name": "@medic/contact-types-utils",
      "version": "1.0.0",
      "extraneous": true,
      "license": "Apache-2.0"
    },
    "../shared-libs/environment": {
      "name": "@medic/environment",
      "version": "1.0.0",
      "extraneous": true,
      "license": "Apache-2.0",
      "dependencies": {
        "@medic/logger": "file:../logger"
      }
    },
    "../shared-libs/infodoc": {
      "name": "@medic/infodoc",
      "version": "1.0.0",
      "extraneous": true,
      "license": "Apache-2.0"
    },
    "../shared-libs/lineage": {
      "name": "@medic/lineage",
      "version": "1.0.0",
      "extraneous": true,
      "license": "Apache-2.0",
      "dependencies": {
        "@medic/contact-types-utils": "file:../contact-types-utils",
        "lodash": "4.17.19"
      }
    },
    "../shared-libs/logger": {
      "name": "@medic/logger",
      "version": "1.0.0",
      "extraneous": true,
      "license": "Apache-2.0",
      "dependencies": {
        "winston": "^3.13.0"
      }
    },
    "../shared-libs/message-utils": {
      "name": "@medic/message-utils",
      "version": "1.0.2",
      "extraneous": true,
      "license": "Apache-2.0",
      "dependencies": {
        "@medic/phone-number": "file:../phone-number",
        "bikram-sambat-bootstrap": "^1.5.0",
        "google-libphonenumber": "^3.2.31",
        "gsm": "^0.1.4",
        "lodash": "^4.17.21",
        "moment": "^2.29.1",
        "mustache": "^4.2.0",
        "object-path": "^0.11.8"
      }
    },
    "../shared-libs/outbound": {
      "name": "@medic/outbound",
      "version": "1.0.0",
      "extraneous": true,
      "license": "Apache-2.0",
      "dependencies": {
        "@medic/settings": "file:../settings",
        "object-path": "^0.11.8",
        "request": "^2.88.2",
        "request-promise-native": "^1.0.9",
        "url-join": "^4.0.1"
      }
    },
    "../shared-libs/phone-number": {
      "name": "@medic/phone-number",
      "version": "1.0.0",
      "extraneous": true,
      "license": "Apache-2.0",
      "dependencies": {
        "google-libphonenumber": "^3.2.31"
      }
    },
    "../shared-libs/purging-utils": {
      "name": "@medic/purging-utils",
      "version": "1.0.0",
      "extraneous": true,
      "license": "Apache-2.0"
    },
    "../shared-libs/registration-utils": {
      "name": "@medic/registration-utils",
      "version": "1.1.1",
      "extraneous": true,
      "license": "Apache-2.0",
      "dependencies": {
        "lodash": "^4.17.19"
      }
    },
    "../shared-libs/server-checks": {
      "name": "@medic/server-checks",
      "version": "1.0.1",
      "extraneous": true,
      "license": "Apache-2.0"
    },
    "../shared-libs/settings": {
      "name": "@medic/settings",
      "version": "1.0.0",
      "extraneous": true,
      "license": "Apache-2.0",
      "dependencies": {
        "request": "^2.88.2",
        "request-promise-native": "^1.0.8"
      }
    },
    "../shared-libs/task-utils": {
      "name": "@medic/task-utils",
      "version": "1.0.0",
      "extraneous": true,
      "license": "Apache-2.0"
    },
    "../shared-libs/tombstone-utils": {
      "name": "@medic/tombstone-utils",
      "version": "1.0.0",
      "extraneous": true,
      "license": "Apache-2.0",
      "dependencies": {
        "lodash": "4.17.19"
      }
    },
    "../shared-libs/transitions": {
      "name": "@medic/transitions",
      "version": "1.1.1",
      "extraneous": true,
      "license": "Apache-2.0",
      "dependencies": {
        "@medic/contact-types-utils": "file:../contact-types-utils",
        "@medic/contacts": "file:../contacts",
        "@medic/infodoc": "file:../infodoc",
        "@medic/lineage": "file:../lineage",
        "@medic/message-utils": "file:../message-utils",
        "@medic/outbound": "file:../outbound",
        "@medic/phone-number": "file:../phone-number",
        "@medic/registration-utils": "file:../registration-utils",
        "@medic/settings": "file:../settings",
        "@medic/task-utils": "file:../task-utils",
        "@medic/user-management": "file:../user-management",
        "@medic/validation": "file:../validation",
        "async": "^3.2.3",
        "bikram-sambat": "^1.7.0",
        "bikram-sambat-bootstrap": "^1.5.0",
        "google-libphonenumber": "^3.2.31",
        "gsm": "^0.1.4",
        "lodash": "4.17.19",
        "moment": "^2.29.1",
        "mustache": "^4.2.0",
        "object-path": "^0.11.8",
        "request": "^2.88.2",
        "request-promise-native": "^1.0.9",
        "url-join": "^4.0.1"
      },
      "devDependencies": {
        "jsverify": "^0.8.4"
      }
    },
    "../shared-libs/translation-utils": {
      "name": "@medic/translation-utils",
      "version": "1.0.1",
      "extraneous": true,
      "license": "Apache-2.0"
    },
    "../shared-libs/validation": {
      "name": "@medic/validation",
      "version": "1.0.0",
      "extraneous": true,
      "license": "Apache-2.0",
      "dependencies": {
        "@medic/message-utils": "file:../message-utils",
        "lodash": "^4.17.19",
        "moment": "^2.26.0"
      }
    }
  }
}
