{
  "name": "@medic/validation",
  "version": "1.0.0",
  "lockfileVersion": 2,
  "requires": true,
  "packages": {
    "": {
      "name": "@medic/validation",
      "version": "1.0.0",
      "license": "Apache-2.0",
      "dependencies": {
        "@medic/message-utils": "file:../message-utils",
        "lodash": "^4.17.19",
        "moment": "^2.26.0"
      }
    },
    "../message-utils": {
      "name": "@medic/message-utils",
      "version": "1.0.2",
      "license": "Apache-2.0",
      "dependencies": {
        "@medic/phone-number": "file:../phone-number",
        "bikram-sambat-bootstrap": "^1.5.0",
        "google-libphonenumber": "^3.2.22",
        "gsm": "^0.1.4",
        "lodash": "^4.17.21",
        "moment": "^2.29.1",
        "mustache": "^4.2.0",
        "object-path": "^0.11.7"
      }
    },
    "node_modules/@medic/message-utils": {
      "resolved": "../message-utils",
      "link": true
    },
    "node_modules/lodash": {
      "version": "4.17.21",
      "resolved": "https://registry.npmjs.org/lodash/-/lodash-4.17.21.tgz",
      "integrity": "sha512-v2kDEe57lecTulaDIuNTPy3Ry4gLGJ6Z1O3vE1krgXZNrsQ+LFTGHVxVjcXPs17LhbZVGedAJv8XZ1tvj5FvSg=="
    },
    "node_modules/moment": {
      "version": "2.29.1",
      "resolved": "https://registry.npmjs.org/moment/-/moment-2.29.1.tgz",
      "integrity": "sha512-kHmoybcPV8Sqy59DwNDY3Jefr64lK/by/da0ViFcuA4DH0vQg5Q6Ze5VimxkfQNSC+Mls/Kx53s7TjP1RhFEDQ==",
      "engines": {
        "node": "*"
      }
    }
  },
  "dependencies": {
    "@medic/message-utils": {
      "version": "file:../message-utils",
      "requires": {
        "@medic/phone-number": "file:../phone-number",
        "bikram-sambat-bootstrap": "^1.5.0",
        "google-libphonenumber": "^3.2.22",
        "gsm": "^0.1.4",
        "lodash": "^4.17.21",
        "moment": "^2.29.1",
        "mustache": "^4.2.0",
        "object-path": "^0.11.7"
      }
    },
    "lodash": {
      "version": "4.17.21",
      "resolved": "https://registry.npmjs.org/lodash/-/lodash-4.17.21.tgz",
      "integrity": "sha512-v2kDEe57lecTulaDIuNTPy3Ry4gLGJ6Z1O3vE1krgXZNrsQ+LFTGHVxVjcXPs17LhbZVGedAJv8XZ1tvj5FvSg=="
    },
    "moment": {
      "version": "2.29.1",
      "resolved": "https://registry.npmjs.org/moment/-/moment-2.29.1.tgz",
      "integrity": "sha512-kHmoybcPV8Sqy59DwNDY3Jefr64lK/by/da0ViFcuA4DH0vQg5Q6Ze5VimxkfQNSC+Mls/Kx53s7TjP1RhFEDQ=="
    }
  }
}
