{
  "name": "scripts",
  "version": "1.0.0",
  "lockfileVersion": 1,
  "requires": true,
  "dependencies": {
    "argsarray": {
      "version": "0.0.1",
      "resolved": "https://registry.npmjs.org/argsarray/-/argsarray-0.0.1.tgz",
      "integrity": "sha1-bnIHtOzbObCviDA/pa4ivajfYcs="
    },
    "buffer-from": {
      "version": "1.1.0",
      "resolved": "https://registry.npmjs.org/buffer-from/-/buffer-from-1.1.0.tgz",
      "integrity": "sha512-c5mRlguI/Pe2dSZmpER62rSCu0ryKmWddzRYsuXc50U2/g8jMOulc31VZMa4mYx31U5xsmSOpDCgH88Vl9cDGQ=="
    },
    "clone-buffer": {
      "version": "1.0.0",
      "resolved": "https://registry.npmjs.org/clone-buffer/-/clone-buffer-1.0.0.tgz",
      "integrity": "sha1-4+JbIHrE5wGvch4staFnksrD3Fg="
    },
    "es6-denodeify": {
      "version": "0.1.5",
      "resolved": "https://registry.npmjs.org/es6-denodeify/-/es6-denodeify-0.1.5.tgz",
      "integrity": "sha1-MdTV/pxVA+ElRgQ5MQ4WoqPznB8="
    },
    "fetch-cookie": {
      "version": "0.7.0",
      "resolved": "https://registry.npmjs.org/fetch-cookie/-/fetch-cookie-0.7.0.tgz",
      "integrity": "sha512-Mm5pGlT3agW6t71xVM7vMZPIvI7T4FaTuFW4jari6dVzYHFDb3WZZsGpN22r/o3XMdkM0E7sPd1EGeyVbH2Tgg==",
      "requires": {
        "es6-denodeify": "^0.1.1",
        "tough-cookie": "^2.3.1"
      }
    },
    "immediate": {
      "version": "3.0.6",
      "resolved": "https://registry.npmjs.org/immediate/-/immediate-3.0.6.tgz",
      "integrity": "sha1-nbHb0Pr43m++D13V5Wu2BigN5ps="
    },
    "inherits": {
      "version": "2.0.3",
      "resolved": "https://registry.npmjs.org/inherits/-/inherits-2.0.3.tgz",
      "integrity": "sha1-Yzwsg+PaQqUC9SRmAiSA9CCCYd4="
    },
    "node-fetch": {
      "version": "2.3.0",
      "resolved": "https://registry.npmjs.org/node-fetch/-/node-fetch-2.3.0.tgz",
      "integrity": "sha512-MOd8pV3fxENbryESLgVIeaGKrdl+uaYhCSSVkjeOb/31/njTpcis5aWfdqgNlHIrKOLRbMnfPINPOML2CIFeXA=="
    },
    "pouchdb-adapter-http": {
      "version": "7.0.0",
      "resolved": "https://registry.npmjs.org/pouchdb-adapter-http/-/pouchdb-adapter-http-7.0.0.tgz",
      "integrity": "sha512-jlrl7/B2ubbcBZbiMrT2DJolDNKW/SAZgxH5GzJLyUfjKxDMyky2gdMtG0b6qGdz323jS4EUUXtz2J8Bb+46NQ==",
      "requires": {
        "argsarray": "0.0.1",
        "pouchdb-binary-utils": "7.0.0",
        "pouchdb-errors": "7.0.0",
        "pouchdb-fetch": "7.0.0",
        "pouchdb-utils": "7.0.0"
      }
    },
    "pouchdb-binary-utils": {
      "version": "7.0.0",
      "resolved": "https://registry.npmjs.org/pouchdb-binary-utils/-/pouchdb-binary-utils-7.0.0.tgz",
      "integrity": "sha512-yUktdOPIPvOVouCjJN3uop+bCcpdPwePrLm9eUAZNgEYnUFu0njdx7Q0WRsZ7UJ6l75HinL5ZHk4bnvEt86FLw==",
      "requires": {
        "buffer-from": "1.1.0"
      }
    },
    "pouchdb-changes-filter": {
      "version": "7.0.0",
      "resolved": "https://registry.npmjs.org/pouchdb-changes-filter/-/pouchdb-changes-filter-7.0.0.tgz",
      "integrity": "sha512-b7T+lA50VzaxleccpmhNJLdFiGiYKmcIP3hVg+74xQO7vqJ+GEp8nanKX/UBs1Hr3TxUrCT/4JXTxVNkgUxO0A==",
      "requires": {
        "pouchdb-errors": "7.0.0",
        "pouchdb-selector-core": "7.0.0",
        "pouchdb-utils": "7.0.0"
      }
    },
    "pouchdb-collate": {
      "version": "7.0.0",
      "resolved": "https://registry.npmjs.org/pouchdb-collate/-/pouchdb-collate-7.0.0.tgz",
      "integrity": "sha512-0O67rnNGVD9OUbDx+6DLPcE3zz7w6gieNCvrbvaI5ibIXuLpyMyLjD6OdRe/19LbstEfZaOp+SYUhQs+TP8Plg=="
    },
    "pouchdb-collections": {
      "version": "7.0.0",
      "resolved": "https://registry.npmjs.org/pouchdb-collections/-/pouchdb-collections-7.0.0.tgz",
      "integrity": "sha512-DaoUr/vU24Q3gM6ghj0va9j/oBanPwkbhkvnqSyC3Dm5dgf5pculNxueLF9PKMo3ycApoWzHMh6N2N8KJbDU2Q=="
    },
    "pouchdb-core": {
      "version": "7.0.0",
      "resolved": "https://registry.npmjs.org/pouchdb-core/-/pouchdb-core-7.0.0.tgz",
      "integrity": "sha512-hhTyGCEqWiUCt3ciCVzJXmFDpcKxdHYKDsySTg2rgTVMipPuqXRgsmGRKkXV6CHKasqvvJ/3JPe0bEWj+5YzhA==",
      "requires": {
        "argsarray": "0.0.1",
        "inherits": "2.0.3",
        "pouchdb-changes-filter": "7.0.0",
        "pouchdb-collections": "7.0.0",
        "pouchdb-errors": "7.0.0",
        "pouchdb-fetch": "7.0.0",
        "pouchdb-merge": "7.0.0",
        "pouchdb-utils": "7.0.0"
      }
    },
    "pouchdb-errors": {
      "version": "7.0.0",
      "resolved": "https://registry.npmjs.org/pouchdb-errors/-/pouchdb-errors-7.0.0.tgz",
      "integrity": "sha512-dTusY8nnTw4HIztCrNl7AoGgwvS1bVf/3/97hDaGc4ytn72V9/4dK8kTqlimi3UpaurohYRnqac0SGXYP8vgXA==",
      "requires": {
        "inherits": "2.0.3"
      }
    },
    "pouchdb-fetch": {
      "version": "7.0.0",
      "resolved": "https://registry.npmjs.org/pouchdb-fetch/-/pouchdb-fetch-7.0.0.tgz",
      "integrity": "sha512-9XGEogHQcYZCJp2PvLE7oDgGzIsBy4Vh28EhDS26iJFwtDVpHYm7fIzJ//SDGcUNjnlR9WKTegFLg9p7jYIQWQ==",
      "requires": {
        "fetch-cookie": "0.7.0",
        "node-fetch": "^2.0.0"
      }
    },
    "pouchdb-md5": {
      "version": "7.0.0",
      "resolved": "https://registry.npmjs.org/pouchdb-md5/-/pouchdb-md5-7.0.0.tgz",
      "integrity": "sha512-yaSJKhLA3QlgloKUQeb2hLdT3KmUmPfoYdryfwHZuPTpXIRKTnMQTR9qCIRUszc0ruBpDe53DRslCgNUhAyTNQ==",
      "requires": {
        "pouchdb-binary-utils": "7.0.0",
        "spark-md5": "3.0.0"
      }
    },
    "pouchdb-merge": {
      "version": "7.0.0",
      "resolved": "https://registry.npmjs.org/pouchdb-merge/-/pouchdb-merge-7.0.0.tgz",
      "integrity": "sha512-tci5u6NpznQhGcPv4ho1h0miky9rs+ds/T9zQ9meQeDZbUojXNaX1Jxsb0uYEQQ+HMqdcQs3Akdl0/u0mgwPGg=="
    },
    "pouchdb-selector-core": {
      "version": "7.0.0",
      "resolved": "https://registry.npmjs.org/pouchdb-selector-core/-/pouchdb-selector-core-7.0.0.tgz",
      "integrity": "sha512-8Lpa8S7TCRGUEy3aEMd+Zy85IU4KwCVNf3TT+HJ8XAKICtmgArPrQGimIXFOHoyjRSpCXtByzEriP8CBCUjp7g==",
      "requires": {
        "pouchdb-collate": "7.0.0",
        "pouchdb-utils": "7.0.0"
      }
    },
    "pouchdb-utils": {
      "version": "7.0.0",
      "resolved": "https://registry.npmjs.org/pouchdb-utils/-/pouchdb-utils-7.0.0.tgz",
      "integrity": "sha512-1bnoX1KdZYHv9wicDIFdO0PLiVIMzNDUBUZ/yOJZ+6LW6niQCB8aCv09ZztmKfSQcU5nnN3fe656tScBgP6dOQ==",
      "requires": {
        "argsarray": "0.0.1",
        "clone-buffer": "1.0.0",
        "immediate": "3.0.6",
        "inherits": "2.0.3",
        "pouchdb-collections": "7.0.0",
        "pouchdb-errors": "7.0.0",
        "pouchdb-md5": "7.0.0",
        "uuid": "3.2.1"
      }
    },
    "psl": {
      "version": "1.1.31",
      "resolved": "https://registry.npmjs.org/psl/-/psl-1.1.31.tgz",
      "integrity": "sha512-/6pt4+C+T+wZUieKR620OpzN/LlnNKuWjy1iFLQ/UG35JqHlR/89MP1d96dUfkf6Dne3TuLQzOYEYshJ+Hx8mw=="
    },
    "punycode": {
      "version": "2.1.1",
      "resolved": "https://registry.npmjs.org/punycode/-/punycode-2.1.1.tgz",
      "integrity": "sha512-XRsRjdf+j5ml+y/6GKHPZbrF/8p2Yga0JPtdqTIY2Xe5ohJPD9saDJJLPvp9+NSBprVvevdXZybnj2cv8OEd0A=="
    },
    "spark-md5": {
      "version": "3.0.0",
      "resolved": "https://registry.npmjs.org/spark-md5/-/spark-md5-3.0.0.tgz",
      "integrity": "sha1-NyIifFTi+vJLHcbZM8wUTm9xv+8="
    },
    "tough-cookie": {
      "version": "2.5.0",
      "resolved": "https://registry.npmjs.org/tough-cookie/-/tough-cookie-2.5.0.tgz",
      "integrity": "sha512-nlLsUzgm1kfLXSXfRZMc1KLAugd4hqJHDTvc2hDIwS3mZAfMEuMbc03SujMF+GEcpaX/qboeycw6iO8JwVv2+g==",
      "requires": {
        "psl": "^1.1.28",
        "punycode": "^2.1.1"
      }
    },
    "uuid": {
      "version": "3.2.1",
      "resolved": "https://registry.npmjs.org/uuid/-/uuid-3.2.1.tgz",
      "integrity": "sha512-jZnMwlb9Iku/O3smGWvZhauCf6cvvpKi4BKRiliS3cxnI+Gz9j5MEpTz2UFuXiKPJocb7gnsLHwiS05ige5BEA=="
    }
  }
}
