{
  "name": "scripts",
  "version": "1.0.0",
  "lockfileVersion": 1,
  "requires": true,
  "dependencies": {
    "argsarray": {
      "version": "0.0.1",
      "resolved": "https://registry.npmjs.org/argsarray/-/argsarray-0.0.1.tgz",
      "integrity": "sha1-bnIHtOzbObCviDA/pa4ivajfYcs="
    },
    "buffer-from": {
      "version": "1.1.0",
      "resolved": "https://registry.npmjs.org/buffer-from/-/buffer-from-1.1.0.tgz",
      "integrity": "sha512-c5mRlguI/Pe2dSZmpER62rSCu0ryKmWddzRYsuXc50U2/g8jMOulc31VZMa4mYx31U5xsmSOpDCgH88Vl9cDGQ=="
    },
    "clone-buffer": {
      "version": "1.0.0",
      "resolved": "https://registry.npmjs.org/clone-buffer/-/clone-buffer-1.0.0.tgz",
      "integrity": "sha1-4+JbIHrE5wGvch4staFnksrD3Fg="
    },
    "es6-denodeify": {
      "version": "0.1.5",
      "resolved": "https://registry.npmjs.org/es6-denodeify/-/es6-denodeify-0.1.5.tgz",
      "integrity": "sha1-MdTV/pxVA+ElRgQ5MQ4WoqPznB8="
    },
    "fetch-cookie": {
      "version": "0.7.0",
      "resolved": "https://registry.npmjs.org/fetch-cookie/-/fetch-cookie-0.7.0.tgz",
      "integrity": "sha512-Mm5pGlT3agW6t71xVM7vMZPIvI7T4FaTuFW4jari6dVzYHFDb3WZZsGpN22r/o3XMdkM0E7sPd1EGeyVbH2Tgg==",
      "requires": {
        "es6-denodeify": "^0.1.1",
        "tough-cookie": "^2.3.1"
      }
    },
    "immediate": {
      "version": "3.0.6",
      "resolved": "https://registry.npmjs.org/immediate/-/immediate-3.0.6.tgz",
      "integrity": "sha1-nbHb0Pr43m++D13V5Wu2BigN5ps="
    },
    "inherits": {
      "version": "2.0.3",
      "resolved": "https://registry.npmjs.org/inherits/-/inherits-2.0.3.tgz",
      "integrity": "sha1-Yzwsg+PaQqUC9SRmAiSA9CCCYd4="
    },
    "node-fetch": {
      "version": "2.4.1",
      "resolved": "https://registry.npmjs.org/node-fetch/-/node-fetch-2.4.1.tgz",
      "integrity": "sha512-P9UbpFK87NyqBZzUuDBDz4f6Yiys8xm8j7ACDbi6usvFm6KItklQUKjeoqTrYS/S1k6I8oaOC2YLLDr/gg26Mw=="
    },
    "pouchdb-abstract-mapreduce": {
      "version": "7.1.1",
      "resolved": "https://registry.npmjs.org/pouchdb-abstract-mapreduce/-/pouchdb-abstract-mapreduce-7.1.1.tgz",
      "integrity": "sha512-zyVdcXpk/4Wi4I4pkN+KDx1APVY4NiJQFb9b7A7/M7PA+B9pzHGiNBMwzR1UDytF+Chfknsi0bL91GKhJ28pRA==",
      "requires": {
        "pouchdb-binary-utils": "7.1.1",
        "pouchdb-collate": "7.1.1",
        "pouchdb-collections": "7.1.1",
        "pouchdb-errors": "7.1.1",
        "pouchdb-fetch": "7.1.1",
        "pouchdb-mapreduce-utils": "7.1.1",
        "pouchdb-md5": "7.1.1",
        "pouchdb-utils": "7.1.1"
      },
      "dependencies": {
        "node-fetch": {
          "version": "2.4.1",
          "resolved": "https://registry.npmjs.org/node-fetch/-/node-fetch-2.4.1.tgz",
          "integrity": "sha512-P9UbpFK87NyqBZzUuDBDz4f6Yiys8xm8j7ACDbi6usvFm6KItklQUKjeoqTrYS/S1k6I8oaOC2YLLDr/gg26Mw=="
        },
        "pouchdb-binary-utils": {
          "version": "7.1.1",
          "resolved": "https://registry.npmjs.org/pouchdb-binary-utils/-/pouchdb-binary-utils-7.1.1.tgz",
          "integrity": "sha512-DSN6AW59ycCR97JBMSGmVEfWxAEO4KzdDR6wZzCpQmT3H2Bvtv18dmKaoWnm8nAZQiXQQjgHBipRH4MlxY21zQ==",
          "requires": {
            "buffer-from": "1.1.0"
          }
        },
        "pouchdb-collate": {
          "version": "7.1.1",
          "resolved": "https://registry.npmjs.org/pouchdb-collate/-/pouchdb-collate-7.1.1.tgz",
          "integrity": "sha512-RNe44kHV96AHU22mJHwNX+JkpR5HnJsQdfn+15otq/TZk6GYbVl7LeDgkyZS6BILq6Ms3gzeimpHUP21xswejA=="
        },
        "pouchdb-collections": {
          "version": "7.1.1",
          "resolved": "https://registry.npmjs.org/pouchdb-collections/-/pouchdb-collections-7.1.1.tgz",
          "integrity": "sha512-Iwdv74+H8tSc9cM7co0X4eJQglaPp+uIX7qjzK5MIeZThUHNcJQxOC92qGK1qE3Z2feAD5LxhXEIYDia/lB8pw=="
        },
        "pouchdb-errors": {
          "version": "7.1.1",
          "resolved": "https://registry.npmjs.org/pouchdb-errors/-/pouchdb-errors-7.1.1.tgz",
          "integrity": "sha512-A5VC4pzvNNfdldj4QqiygHfokTbjM0O5FiNzyun0LUQIJ+o5xFHMINfP3hmJ8HFTHI3mRNUul7Qjdu3Spzm4vg==",
          "requires": {
            "inherits": "2.0.3"
          }
        },
        "pouchdb-fetch": {
          "version": "7.1.1",
          "resolved": "https://registry.npmjs.org/pouchdb-fetch/-/pouchdb-fetch-7.1.1.tgz",
          "integrity": "sha512-2N8rX/Do+YXnAR9UfuZBq1LJpGcd+6qmfp+5jD7PmAReGcQUvTEtSzheUy7Y6xiEGnr+0V5m7EinjlgtNuSo9A==",
          "requires": {
            "fetch-cookie": "0.7.0",
            "node-fetch": "2.4.1"
          }
        },
        "pouchdb-md5": {
          "version": "7.1.1",
          "resolved": "https://registry.npmjs.org/pouchdb-md5/-/pouchdb-md5-7.1.1.tgz",
          "integrity": "sha512-XzuDBoOEcviP8yv5R0ruuPpZDBtpohtbVg1dLU52WbPMLvU5YK/yy8mJxggbvolG+iNMDde1IfubY3NNflFuPQ==",
          "requires": {
            "pouchdb-binary-utils": "7.1.1",
            "spark-md5": "3.0.0"
          }
        },
        "pouchdb-utils": {
          "version": "7.1.1",
          "resolved": "https://registry.npmjs.org/pouchdb-utils/-/pouchdb-utils-7.1.1.tgz",
          "integrity": "sha512-a2c7JFOEy6kfdD3JuTOyH6oBLlPznpg32IBrRGf4sjmIfBRFdzTo/fvuxNyLf/d+q0/7Ec1M8xUfUVT+RkViAw==",
          "requires": {
            "argsarray": "0.0.1",
            "clone-buffer": "1.0.0",
            "immediate": "3.0.6",
            "inherits": "2.0.3",
            "pouchdb-collections": "7.1.1",
            "pouchdb-errors": "7.1.1",
            "pouchdb-md5": "7.1.1",
            "uuid": "3.2.1"
          }
        }
      }
    },
    "pouchdb-adapter-http": {
      "version": "7.1.1",
      "resolved": "https://registry.npmjs.org/pouchdb-adapter-http/-/pouchdb-adapter-http-7.1.1.tgz",
      "integrity": "sha512-SWuf9MIbJY6lXPJ03ejoDvV+9EMQqHLf3gKKnuU5w7wLXswZHlDd+6H8lJSorv3UYuF4T/fT3YP6AyOkAmHtYA==",
      "requires": {
        "argsarray": "0.0.1",
        "pouchdb-binary-utils": "7.1.1",
        "pouchdb-errors": "7.1.1",
        "pouchdb-fetch": "7.1.1",
        "pouchdb-utils": "7.1.1"
      }
    },
    "pouchdb-binary-utils": {
      "version": "7.1.1",
      "resolved": "https://registry.npmjs.org/pouchdb-binary-utils/-/pouchdb-binary-utils-7.1.1.tgz",
      "integrity": "sha512-DSN6AW59ycCR97JBMSGmVEfWxAEO4KzdDR6wZzCpQmT3H2Bvtv18dmKaoWnm8nAZQiXQQjgHBipRH4MlxY21zQ==",
      "requires": {
        "buffer-from": "1.1.0"
      }
    },
    "pouchdb-changes-filter": {
      "version": "7.1.1",
      "resolved": "https://registry.npmjs.org/pouchdb-changes-filter/-/pouchdb-changes-filter-7.1.1.tgz",
      "integrity": "sha512-rMdnIbQhkTbfHpOkML3AUEood7N0xfpD3CIDavmqS0BQAScOjVbOvb43uGhsUY1J4FF7QsOK8q/j/E0ODzk/Wg==",
      "requires": {
        "pouchdb-errors": "7.1.1",
        "pouchdb-selector-core": "7.1.1",
        "pouchdb-utils": "7.1.1"
      },
      "dependencies": {
        "pouchdb-binary-utils": {
          "version": "7.1.1",
          "resolved": "https://registry.npmjs.org/pouchdb-binary-utils/-/pouchdb-binary-utils-7.1.1.tgz",
          "integrity": "sha512-DSN6AW59ycCR97JBMSGmVEfWxAEO4KzdDR6wZzCpQmT3H2Bvtv18dmKaoWnm8nAZQiXQQjgHBipRH4MlxY21zQ==",
          "requires": {
            "buffer-from": "1.1.0"
          }
        },
        "pouchdb-collections": {
          "version": "7.1.1",
          "resolved": "https://registry.npmjs.org/pouchdb-collections/-/pouchdb-collections-7.1.1.tgz",
          "integrity": "sha512-Iwdv74+H8tSc9cM7co0X4eJQglaPp+uIX7qjzK5MIeZThUHNcJQxOC92qGK1qE3Z2feAD5LxhXEIYDia/lB8pw=="
        },
        "pouchdb-errors": {
          "version": "7.1.1",
          "resolved": "https://registry.npmjs.org/pouchdb-errors/-/pouchdb-errors-7.1.1.tgz",
          "integrity": "sha512-A5VC4pzvNNfdldj4QqiygHfokTbjM0O5FiNzyun0LUQIJ+o5xFHMINfP3hmJ8HFTHI3mRNUul7Qjdu3Spzm4vg==",
          "requires": {
            "inherits": "2.0.3"
          }
        },
        "pouchdb-md5": {
          "version": "7.1.1",
          "resolved": "https://registry.npmjs.org/pouchdb-md5/-/pouchdb-md5-7.1.1.tgz",
          "integrity": "sha512-XzuDBoOEcviP8yv5R0ruuPpZDBtpohtbVg1dLU52WbPMLvU5YK/yy8mJxggbvolG+iNMDde1IfubY3NNflFuPQ==",
          "requires": {
            "pouchdb-binary-utils": "7.1.1",
            "spark-md5": "3.0.0"
          }
        },
        "pouchdb-utils": {
          "version": "7.1.1",
          "resolved": "https://registry.npmjs.org/pouchdb-utils/-/pouchdb-utils-7.1.1.tgz",
          "integrity": "sha512-a2c7JFOEy6kfdD3JuTOyH6oBLlPznpg32IBrRGf4sjmIfBRFdzTo/fvuxNyLf/d+q0/7Ec1M8xUfUVT+RkViAw==",
          "requires": {
            "argsarray": "0.0.1",
            "clone-buffer": "1.0.0",
            "immediate": "3.0.6",
            "inherits": "2.0.3",
            "pouchdb-collections": "7.1.1",
            "pouchdb-errors": "7.1.1",
            "pouchdb-md5": "7.1.1",
            "uuid": "3.2.1"
          }
        }
      }
    },
    "pouchdb-collate": {
      "version": "7.1.1",
      "resolved": "https://registry.npmjs.org/pouchdb-collate/-/pouchdb-collate-7.1.1.tgz",
      "integrity": "sha512-RNe44kHV96AHU22mJHwNX+JkpR5HnJsQdfn+15otq/TZk6GYbVl7LeDgkyZS6BILq6Ms3gzeimpHUP21xswejA=="
    },
    "pouchdb-collections": {
      "version": "7.1.1",
      "resolved": "https://registry.npmjs.org/pouchdb-collections/-/pouchdb-collections-7.1.1.tgz",
      "integrity": "sha512-Iwdv74+H8tSc9cM7co0X4eJQglaPp+uIX7qjzK5MIeZThUHNcJQxOC92qGK1qE3Z2feAD5LxhXEIYDia/lB8pw=="
    },
    "pouchdb-core": {
      "version": "7.1.1",
      "resolved": "https://registry.npmjs.org/pouchdb-core/-/pouchdb-core-7.1.1.tgz",
      "integrity": "sha512-q0K7SRpqbNQ4f3cMNXVon8mQz3/mWFaywoyw8uMQ7cxtXaItXM8KBw6aZ8cCKNfqC9B1CxvVuo1V3H7+Y/bX+Q==",
      "requires": {
        "argsarray": "0.0.1",
        "inherits": "2.0.3",
        "pouchdb-changes-filter": "7.1.1",
        "pouchdb-collections": "7.1.1",
        "pouchdb-errors": "7.1.1",
        "pouchdb-fetch": "7.1.1",
        "pouchdb-merge": "7.1.1",
        "pouchdb-utils": "7.1.1"
      },
      "dependencies": {
        "node-fetch": {
          "version": "2.4.1",
          "resolved": "https://registry.npmjs.org/node-fetch/-/node-fetch-2.4.1.tgz",
          "integrity": "sha512-P9UbpFK87NyqBZzUuDBDz4f6Yiys8xm8j7ACDbi6usvFm6KItklQUKjeoqTrYS/S1k6I8oaOC2YLLDr/gg26Mw=="
        },
        "pouchdb-binary-utils": {
          "version": "7.1.1",
          "resolved": "https://registry.npmjs.org/pouchdb-binary-utils/-/pouchdb-binary-utils-7.1.1.tgz",
          "integrity": "sha512-DSN6AW59ycCR97JBMSGmVEfWxAEO4KzdDR6wZzCpQmT3H2Bvtv18dmKaoWnm8nAZQiXQQjgHBipRH4MlxY21zQ==",
          "requires": {
            "buffer-from": "1.1.0"
          }
        },
        "pouchdb-collections": {
          "version": "7.1.1",
          "resolved": "https://registry.npmjs.org/pouchdb-collections/-/pouchdb-collections-7.1.1.tgz",
          "integrity": "sha512-Iwdv74+H8tSc9cM7co0X4eJQglaPp+uIX7qjzK5MIeZThUHNcJQxOC92qGK1qE3Z2feAD5LxhXEIYDia/lB8pw=="
        },
        "pouchdb-errors": {
          "version": "7.1.1",
          "resolved": "https://registry.npmjs.org/pouchdb-errors/-/pouchdb-errors-7.1.1.tgz",
          "integrity": "sha512-A5VC4pzvNNfdldj4QqiygHfokTbjM0O5FiNzyun0LUQIJ+o5xFHMINfP3hmJ8HFTHI3mRNUul7Qjdu3Spzm4vg==",
          "requires": {
            "inherits": "2.0.3"
          }
        },
        "pouchdb-fetch": {
          "version": "7.1.1",
          "resolved": "https://registry.npmjs.org/pouchdb-fetch/-/pouchdb-fetch-7.1.1.tgz",
          "integrity": "sha512-2N8rX/Do+YXnAR9UfuZBq1LJpGcd+6qmfp+5jD7PmAReGcQUvTEtSzheUy7Y6xiEGnr+0V5m7EinjlgtNuSo9A==",
          "requires": {
            "fetch-cookie": "0.7.0",
            "node-fetch": "2.4.1"
          }
        },
        "pouchdb-md5": {
          "version": "7.1.1",
          "resolved": "https://registry.npmjs.org/pouchdb-md5/-/pouchdb-md5-7.1.1.tgz",
          "integrity": "sha512-XzuDBoOEcviP8yv5R0ruuPpZDBtpohtbVg1dLU52WbPMLvU5YK/yy8mJxggbvolG+iNMDde1IfubY3NNflFuPQ==",
          "requires": {
            "pouchdb-binary-utils": "7.1.1",
            "spark-md5": "3.0.0"
          }
        },
        "pouchdb-utils": {
          "version": "7.1.1",
          "resolved": "https://registry.npmjs.org/pouchdb-utils/-/pouchdb-utils-7.1.1.tgz",
          "integrity": "sha512-a2c7JFOEy6kfdD3JuTOyH6oBLlPznpg32IBrRGf4sjmIfBRFdzTo/fvuxNyLf/d+q0/7Ec1M8xUfUVT+RkViAw==",
          "requires": {
            "argsarray": "0.0.1",
            "clone-buffer": "1.0.0",
            "immediate": "3.0.6",
            "inherits": "2.0.3",
            "pouchdb-collections": "7.1.1",
            "pouchdb-errors": "7.1.1",
            "pouchdb-md5": "7.1.1",
            "uuid": "3.2.1"
          }
        }
      }
    },
    "pouchdb-errors": {
      "version": "7.1.1",
      "resolved": "https://registry.npmjs.org/pouchdb-errors/-/pouchdb-errors-7.1.1.tgz",
      "integrity": "sha512-A5VC4pzvNNfdldj4QqiygHfokTbjM0O5FiNzyun0LUQIJ+o5xFHMINfP3hmJ8HFTHI3mRNUul7Qjdu3Spzm4vg==",
      "requires": {
        "inherits": "2.0.3"
      }
    },
    "pouchdb-fetch": {
      "version": "7.1.1",
      "resolved": "https://registry.npmjs.org/pouchdb-fetch/-/pouchdb-fetch-7.1.1.tgz",
      "integrity": "sha512-2N8rX/Do+YXnAR9UfuZBq1LJpGcd+6qmfp+5jD7PmAReGcQUvTEtSzheUy7Y6xiEGnr+0V5m7EinjlgtNuSo9A==",
      "requires": {
        "fetch-cookie": "0.7.0",
        "node-fetch": "2.4.1"
      }
    },
    "pouchdb-mapreduce": {
      "version": "7.1.1",
      "resolved": "https://registry.npmjs.org/pouchdb-mapreduce/-/pouchdb-mapreduce-7.1.1.tgz",
      "integrity": "sha512-pGFcQeh4Jm0gLU6UDftYZ0Es9TOiChaMCiEqN9ULFeXIiseRE4D3PTMrXXTMhj+1S4V64IMb/6CL/ZPdJlQ3dw==",
      "requires": {
        "pouchdb-abstract-mapreduce": "7.1.1",
        "pouchdb-mapreduce-utils": "7.1.1",
        "pouchdb-utils": "7.1.1"
      },
      "dependencies": {
        "pouchdb-binary-utils": {
          "version": "7.1.1",
          "resolved": "https://registry.npmjs.org/pouchdb-binary-utils/-/pouchdb-binary-utils-7.1.1.tgz",
          "integrity": "sha512-DSN6AW59ycCR97JBMSGmVEfWxAEO4KzdDR6wZzCpQmT3H2Bvtv18dmKaoWnm8nAZQiXQQjgHBipRH4MlxY21zQ==",
          "requires": {
            "buffer-from": "1.1.0"
          }
        },
        "pouchdb-collections": {
          "version": "7.1.1",
          "resolved": "https://registry.npmjs.org/pouchdb-collections/-/pouchdb-collections-7.1.1.tgz",
          "integrity": "sha512-Iwdv74+H8tSc9cM7co0X4eJQglaPp+uIX7qjzK5MIeZThUHNcJQxOC92qGK1qE3Z2feAD5LxhXEIYDia/lB8pw=="
        },
        "pouchdb-errors": {
          "version": "7.1.1",
          "resolved": "https://registry.npmjs.org/pouchdb-errors/-/pouchdb-errors-7.1.1.tgz",
          "integrity": "sha512-A5VC4pzvNNfdldj4QqiygHfokTbjM0O5FiNzyun0LUQIJ+o5xFHMINfP3hmJ8HFTHI3mRNUul7Qjdu3Spzm4vg==",
          "requires": {
            "inherits": "2.0.3"
          }
        },
        "pouchdb-md5": {
          "version": "7.1.1",
          "resolved": "https://registry.npmjs.org/pouchdb-md5/-/pouchdb-md5-7.1.1.tgz",
          "integrity": "sha512-XzuDBoOEcviP8yv5R0ruuPpZDBtpohtbVg1dLU52WbPMLvU5YK/yy8mJxggbvolG+iNMDde1IfubY3NNflFuPQ==",
          "requires": {
            "pouchdb-binary-utils": "7.1.1",
            "spark-md5": "3.0.0"
          }
        },
        "pouchdb-utils": {
          "version": "7.1.1",
          "resolved": "https://registry.npmjs.org/pouchdb-utils/-/pouchdb-utils-7.1.1.tgz",
          "integrity": "sha512-a2c7JFOEy6kfdD3JuTOyH6oBLlPznpg32IBrRGf4sjmIfBRFdzTo/fvuxNyLf/d+q0/7Ec1M8xUfUVT+RkViAw==",
          "requires": {
            "argsarray": "0.0.1",
            "clone-buffer": "1.0.0",
            "immediate": "3.0.6",
            "inherits": "2.0.3",
            "pouchdb-collections": "7.1.1",
            "pouchdb-errors": "7.1.1",
            "pouchdb-md5": "7.1.1",
            "uuid": "3.2.1"
          }
        }
      }
    },
    "pouchdb-mapreduce-utils": {
      "version": "7.1.1",
      "resolved": "https://registry.npmjs.org/pouchdb-mapreduce-utils/-/pouchdb-mapreduce-utils-7.1.1.tgz",
      "integrity": "sha512-25+quHnr69J6n1fwwESfkV6tYIFSu4qqaW4EBL7CATwguEn3wEa7y86pCkAzpIJrAL6WcvtryQpT78raqfzoHw==",
      "requires": {
        "argsarray": "0.0.1",
        "inherits": "2.0.3",
        "pouchdb-collections": "7.1.1",
        "pouchdb-utils": "7.1.1"
      },
      "dependencies": {
        "pouchdb-binary-utils": {
          "version": "7.1.1",
          "resolved": "https://registry.npmjs.org/pouchdb-binary-utils/-/pouchdb-binary-utils-7.1.1.tgz",
          "integrity": "sha512-DSN6AW59ycCR97JBMSGmVEfWxAEO4KzdDR6wZzCpQmT3H2Bvtv18dmKaoWnm8nAZQiXQQjgHBipRH4MlxY21zQ==",
          "requires": {
            "buffer-from": "1.1.0"
          }
        },
        "pouchdb-collections": {
          "version": "7.1.1",
          "resolved": "https://registry.npmjs.org/pouchdb-collections/-/pouchdb-collections-7.1.1.tgz",
          "integrity": "sha512-Iwdv74+H8tSc9cM7co0X4eJQglaPp+uIX7qjzK5MIeZThUHNcJQxOC92qGK1qE3Z2feAD5LxhXEIYDia/lB8pw=="
        },
        "pouchdb-errors": {
          "version": "7.1.1",
          "resolved": "https://registry.npmjs.org/pouchdb-errors/-/pouchdb-errors-7.1.1.tgz",
          "integrity": "sha512-A5VC4pzvNNfdldj4QqiygHfokTbjM0O5FiNzyun0LUQIJ+o5xFHMINfP3hmJ8HFTHI3mRNUul7Qjdu3Spzm4vg==",
          "requires": {
            "inherits": "2.0.3"
          }
        },
        "pouchdb-md5": {
          "version": "7.1.1",
          "resolved": "https://registry.npmjs.org/pouchdb-md5/-/pouchdb-md5-7.1.1.tgz",
          "integrity": "sha512-XzuDBoOEcviP8yv5R0ruuPpZDBtpohtbVg1dLU52WbPMLvU5YK/yy8mJxggbvolG+iNMDde1IfubY3NNflFuPQ==",
          "requires": {
            "pouchdb-binary-utils": "7.1.1",
            "spark-md5": "3.0.0"
          }
        },
        "pouchdb-utils": {
          "version": "7.1.1",
          "resolved": "https://registry.npmjs.org/pouchdb-utils/-/pouchdb-utils-7.1.1.tgz",
          "integrity": "sha512-a2c7JFOEy6kfdD3JuTOyH6oBLlPznpg32IBrRGf4sjmIfBRFdzTo/fvuxNyLf/d+q0/7Ec1M8xUfUVT+RkViAw==",
          "requires": {
            "argsarray": "0.0.1",
            "clone-buffer": "1.0.0",
            "immediate": "3.0.6",
            "inherits": "2.0.3",
            "pouchdb-collections": "7.1.1",
            "pouchdb-errors": "7.1.1",
            "pouchdb-md5": "7.1.1",
            "uuid": "3.2.1"
          }
        }
      }
    },
    "pouchdb-md5": {
      "version": "7.1.1",
      "resolved": "https://registry.npmjs.org/pouchdb-md5/-/pouchdb-md5-7.1.1.tgz",
      "integrity": "sha512-XzuDBoOEcviP8yv5R0ruuPpZDBtpohtbVg1dLU52WbPMLvU5YK/yy8mJxggbvolG+iNMDde1IfubY3NNflFuPQ==",
      "requires": {
        "pouchdb-binary-utils": "7.1.1",
        "spark-md5": "3.0.0"
      }
    },
    "pouchdb-merge": {
      "version": "7.1.1",
      "resolved": "https://registry.npmjs.org/pouchdb-merge/-/pouchdb-merge-7.1.1.tgz",
      "integrity": "sha512-xKeroVdpsTdtgsJNBgpzZxCkKd/DdzNavw/QyQIcG0TR3lSVgcTvAQeliI3fDiiUkPPn9uerxVsaOnowmbe2hQ=="
    },
    "pouchdb-selector-core": {
      "version": "7.1.1",
      "resolved": "https://registry.npmjs.org/pouchdb-selector-core/-/pouchdb-selector-core-7.1.1.tgz",
      "integrity": "sha512-3bNdVwFrVSHuOS2pleKFqa5UODLrxEXQVzO6z9deWwVB1VAb9tIA60031GUrNrIg3D3vKXjVDCvpexT1SDSh9Q==",
      "requires": {
        "pouchdb-collate": "7.1.1",
        "pouchdb-utils": "7.1.1"
      },
      "dependencies": {
        "pouchdb-binary-utils": {
          "version": "7.1.1",
          "resolved": "https://registry.npmjs.org/pouchdb-binary-utils/-/pouchdb-binary-utils-7.1.1.tgz",
          "integrity": "sha512-DSN6AW59ycCR97JBMSGmVEfWxAEO4KzdDR6wZzCpQmT3H2Bvtv18dmKaoWnm8nAZQiXQQjgHBipRH4MlxY21zQ==",
          "requires": {
            "buffer-from": "1.1.0"
          }
        },
        "pouchdb-collections": {
          "version": "7.1.1",
          "resolved": "https://registry.npmjs.org/pouchdb-collections/-/pouchdb-collections-7.1.1.tgz",
          "integrity": "sha512-Iwdv74+H8tSc9cM7co0X4eJQglaPp+uIX7qjzK5MIeZThUHNcJQxOC92qGK1qE3Z2feAD5LxhXEIYDia/lB8pw=="
        },
        "pouchdb-errors": {
          "version": "7.1.1",
          "resolved": "https://registry.npmjs.org/pouchdb-errors/-/pouchdb-errors-7.1.1.tgz",
          "integrity": "sha512-A5VC4pzvNNfdldj4QqiygHfokTbjM0O5FiNzyun0LUQIJ+o5xFHMINfP3hmJ8HFTHI3mRNUul7Qjdu3Spzm4vg==",
          "requires": {
            "inherits": "2.0.3"
          }
        },
        "pouchdb-md5": {
          "version": "7.1.1",
          "resolved": "https://registry.npmjs.org/pouchdb-md5/-/pouchdb-md5-7.1.1.tgz",
          "integrity": "sha512-XzuDBoOEcviP8yv5R0ruuPpZDBtpohtbVg1dLU52WbPMLvU5YK/yy8mJxggbvolG+iNMDde1IfubY3NNflFuPQ==",
          "requires": {
            "pouchdb-binary-utils": "7.1.1",
            "spark-md5": "3.0.0"
          }
        },
        "pouchdb-utils": {
          "version": "7.1.1",
          "resolved": "https://registry.npmjs.org/pouchdb-utils/-/pouchdb-utils-7.1.1.tgz",
          "integrity": "sha512-a2c7JFOEy6kfdD3JuTOyH6oBLlPznpg32IBrRGf4sjmIfBRFdzTo/fvuxNyLf/d+q0/7Ec1M8xUfUVT+RkViAw==",
          "requires": {
            "argsarray": "0.0.1",
            "clone-buffer": "1.0.0",
            "immediate": "3.0.6",
            "inherits": "2.0.3",
            "pouchdb-collections": "7.1.1",
            "pouchdb-errors": "7.1.1",
            "pouchdb-md5": "7.1.1",
            "uuid": "3.2.1"
          }
        }
      }
    },
    "pouchdb-utils": {
      "version": "7.1.1",
      "resolved": "https://registry.npmjs.org/pouchdb-utils/-/pouchdb-utils-7.1.1.tgz",
      "integrity": "sha512-a2c7JFOEy6kfdD3JuTOyH6oBLlPznpg32IBrRGf4sjmIfBRFdzTo/fvuxNyLf/d+q0/7Ec1M8xUfUVT+RkViAw==",
      "requires": {
        "argsarray": "0.0.1",
        "clone-buffer": "1.0.0",
        "immediate": "3.0.6",
        "inherits": "2.0.3",
        "pouchdb-collections": "7.1.1",
        "pouchdb-errors": "7.1.1",
        "pouchdb-md5": "7.1.1",
        "uuid": "3.2.1"
      }
    },
    "psl": {
      "version": "1.1.31",
      "resolved": "https://registry.npmjs.org/psl/-/psl-1.1.31.tgz",
      "integrity": "sha512-/6pt4+C+T+wZUieKR620OpzN/LlnNKuWjy1iFLQ/UG35JqHlR/89MP1d96dUfkf6Dne3TuLQzOYEYshJ+Hx8mw=="
    },
    "punycode": {
      "version": "2.1.1",
      "resolved": "https://registry.npmjs.org/punycode/-/punycode-2.1.1.tgz",
      "integrity": "sha512-XRsRjdf+j5ml+y/6GKHPZbrF/8p2Yga0JPtdqTIY2Xe5ohJPD9saDJJLPvp9+NSBprVvevdXZybnj2cv8OEd0A=="
    },
    "spark-md5": {
      "version": "3.0.0",
      "resolved": "https://registry.npmjs.org/spark-md5/-/spark-md5-3.0.0.tgz",
      "integrity": "sha1-NyIifFTi+vJLHcbZM8wUTm9xv+8="
    },
    "tough-cookie": {
      "version": "2.5.0",
      "resolved": "https://registry.npmjs.org/tough-cookie/-/tough-cookie-2.5.0.tgz",
      "integrity": "sha512-nlLsUzgm1kfLXSXfRZMc1KLAugd4hqJHDTvc2hDIwS3mZAfMEuMbc03SujMF+GEcpaX/qboeycw6iO8JwVv2+g==",
      "requires": {
        "psl": "^1.1.28",
        "punycode": "^2.1.1"
      }
    },
    "uuid": {
      "version": "3.2.1",
      "resolved": "https://registry.npmjs.org/uuid/-/uuid-3.2.1.tgz",
      "integrity": "sha512-jZnMwlb9Iku/O3smGWvZhauCf6cvvpKi4BKRiliS3cxnI+Gz9j5MEpTz2UFuXiKPJocb7gnsLHwiS05ige5BEA=="
    }
  }
}
