{
  "name": "medic-webapp",
  "version": "0.1.0",
  "lockfileVersion": 1,
  "requires": true,
  "dependencies": {
    "@angular/animations": {
      "version": "12.2.11",
      "resolved": "https://registry.npmjs.org/@angular/animations/-/animations-12.2.11.tgz",
      "integrity": "sha512-J6tXNCEgI3SYPfFy9F0QDQNx0g4F8gfJA05iaf6scpZvqziQ80g0vwrBQdV6JqkFvSPQqLJDxyIxDQJSrCt8YA==",
      "requires": {
        "tslib": "^2.2.0"
      }
    },
    "@angular/common": {
      "version": "12.2.11",
      "resolved": "https://registry.npmjs.org/@angular/common/-/common-12.2.11.tgz",
      "integrity": "sha512-/3QS5YaHfm2taJYUVes076ZMpL2GRYVW3HDbHXiRNjoC9EMqQ7ahRD9RPFC8XUk709JuqzonE3bB+N5Ld3mzIA==",
      "requires": {
        "tslib": "^2.2.0"
      }
    },
    "@angular/compiler": {
      "version": "12.2.11",
      "resolved": "https://registry.npmjs.org/@angular/compiler/-/compiler-12.2.11.tgz",
      "integrity": "sha512-78b5Uf+79gOKEyF/ixFAGJANNHnhueofSxgToBmJkTTpqTX6Xzdfzw8W+ehpJADp52eBjmZ+rv7b9sgBsiJ1tg==",
      "requires": {
        "tslib": "^2.2.0"
      }
    },
    "@angular/core": {
      "version": "12.2.11",
      "resolved": "https://registry.npmjs.org/@angular/core/-/core-12.2.11.tgz",
      "integrity": "sha512-wzCFtVFdQlXJlzWpWNz3w8cDzhYzuO1qDqey15Wd4zPR8c8pDx3/XCZXSziskaUzA+fVzgHHSwQnOi9XSFFjzA==",
      "requires": {
        "tslib": "^2.2.0"
      }
    },
    "@angular/forms": {
      "version": "12.2.11",
      "resolved": "https://registry.npmjs.org/@angular/forms/-/forms-12.2.11.tgz",
      "integrity": "sha512-mylti7rtz2FcM3hwPSj2JnX8y8BrXmzrjEWjcLlXmwoMzv/M3vY5HlgKzOmPN03bVgxC7b7EFfGMXfJ3YoPWpg==",
      "requires": {
        "tslib": "^2.2.0"
      }
    },
    "@angular/platform-browser": {
      "version": "12.2.11",
      "resolved": "https://registry.npmjs.org/@angular/platform-browser/-/platform-browser-12.2.11.tgz",
      "integrity": "sha512-uJEnVOK3M1SrCWJoW2jFx5F8pUCbSISai7dbTBVc+/Gx6e9ZuNzBVOooLvSzV96DurhTV7xGSXR5Ry75UNZ48A==",
      "requires": {
        "tslib": "^2.2.0"
      }
    },
    "@angular/platform-browser-dynamic": {
      "version": "12.2.11",
      "resolved": "https://registry.npmjs.org/@angular/platform-browser-dynamic/-/platform-browser-dynamic-12.2.11.tgz",
      "integrity": "sha512-TF80norTsBbJiUsqo6IUNALV2W1YkEa5QAB6RkTrb1K/V6oGcWcGfqSyCMbjRHPEZTwiAzz4cYEmip5kFtE+oQ==",
      "requires": {
        "tslib": "^2.2.0"
      }
    },
    "@angular/router": {
      "version": "12.2.11",
      "resolved": "https://registry.npmjs.org/@angular/router/-/router-12.2.11.tgz",
      "integrity": "sha512-iqQujHKLDpE+xJwXqRY1U83xfDnmb7LIQ0UL6ORSw6mqDTxIeMXfVKRqux1dIlWX+ysU0uTHuug49R8T9q0fhg==",
      "requires": {
        "tslib": "^2.2.0"
      }
    },
    "@ngrx/effects": {
      "version": "11.1.1",
      "resolved": "https://registry.npmjs.org/@ngrx/effects/-/effects-11.1.1.tgz",
      "integrity": "sha512-KLfGSjlmlPUMlMEQkdD6tnJCs/dLSBJC6hZhCnobpDrBR9YMpoDDjM1t0Veg+Z50dL6AGO/T4dllRjd3BJuWiw==",
      "requires": {
        "tslib": "^2.0.0"
      }
    },
    "@ngrx/store": {
      "version": "11.1.1",
      "resolved": "https://registry.npmjs.org/@ngrx/store/-/store-11.1.1.tgz",
      "integrity": "sha512-tkeKoyYo631hLJ1I8+bm9EWoi7E0A3i4IMjvf956Vpu5IdMnP6d0HW3lKU/ruhFD5YOXAHcUgEIWyfxxILABag==",
      "requires": {
        "tslib": "^2.0.0"
      }
    },
    "@ngx-translate/core": {
      "version": "13.0.0",
      "resolved": "https://registry.npmjs.org/@ngx-translate/core/-/core-13.0.0.tgz",
      "integrity": "sha512-+tzEp8wlqEnw0Gc7jtVRAJ6RteUjXw6JJR4O65KlnxOmJrCGPI0xjV/lKRnQeU0w4i96PQs/jtpL921Wrb7PWg==",
      "requires": {
        "tslib": "^2.0.0"
      }
    },
    "@webcomponents/webcomponentsjs": {
      "version": "2.6.0",
      "resolved": "https://registry.npmjs.org/@webcomponents/webcomponentsjs/-/webcomponentsjs-2.6.0.tgz",
      "integrity": "sha512-Moog+Smx3ORTbWwuPqoclr+uvfLnciVd6wdCaVscHPrxbmQ/IJKm3wbB7hpzJtXWjAq2l/6QMlO85aZiOdtv5Q=="
    },
    "almond": {
      "version": "0.3.3",
      "resolved": "https://registry.npmjs.org/almond/-/almond-0.3.3.tgz",
      "integrity": "sha1-oOfJWsdiTWQXtElLHmi/9pMWiiA="
    },
    "argsarray": {
      "version": "0.0.1",
      "resolved": "https://registry.npmjs.org/argsarray/-/argsarray-0.0.1.tgz",
      "integrity": "sha1-bnIHtOzbObCviDA/pa4ivajfYcs="
    },
    "bikram-sambat": {
      "version": "1.7.0",
      "resolved": "https://registry.npmjs.org/bikram-sambat/-/bikram-sambat-1.7.0.tgz",
      "integrity": "sha512-wcFkKw+wruQhlTEy5km5t38mVYIeO1t9fjGGnfXoHfDxh0VLDouKjHVhlfvQbZIT5CNoWMymA2v4WEWMcL+Rvw==",
      "requires": {
        "eurodigit": "^3.1.3"
      }
    },
    "bikram-sambat-bootstrap": {
      "version": "1.5.0",
      "resolved": "https://registry.npmjs.org/bikram-sambat-bootstrap/-/bikram-sambat-bootstrap-1.5.0.tgz",
      "integrity": "sha512-Ztm8i5x4QU09Rnj4Dr2xNwPYlv6VNvMXFPf4uwawfzOnYfAw6tWYTe1fVHRbRMwGSNwhZPl1+3eRmU2HOovMJw==",
      "requires": {
        "bikram-sambat": "^1.6.0",
        "eurodigit": "^3.1.1"
      }
    },
    "bootstrap": {
      "version": "3.4.1",
      "resolved": "https://registry.npmjs.org/bootstrap/-/bootstrap-3.4.1.tgz",
      "integrity": "sha512-yN5oZVmRCwe5aKwzRj6736nSmKDX7pLYwsXiCj/EYmo16hODaBiT4En5btW/jhBF/seV+XMx3aYwukYC3A49DA=="
    },
    "bootstrap-datepicker": {
      "version": "1.9.0",
      "resolved": "https://registry.npmjs.org/bootstrap-datepicker/-/bootstrap-datepicker-1.9.0.tgz",
      "integrity": "sha512-9rYYbaVOheGYxjOr/+bJCmRPihfy+LkLSg4fIFMT9Od8WwWB/MB50w0JO1eBgKUMbb7PFHQD5uAfI3ArAxZRXA==",
      "requires": {
        "jquery": ">=1.7.1 <4.0.0"
      }
    },
    "bootstrap-daterangepicker": {
      "version": "2.1.30",
      "resolved": "https://registry.npmjs.org/bootstrap-daterangepicker/-/bootstrap-daterangepicker-2.1.30.tgz",
      "integrity": "sha1-+JPb//Wk19+qt1Rg6OppabuJaJo=",
      "requires": {
        "jquery": ">=1.10",
        "moment": "^2.9.0"
      }
    },
    "core-js": {
      "version": "3.18.3",
      "resolved": "https://registry.npmjs.org/core-js/-/core-js-3.18.3.tgz",
      "integrity": "sha512-tReEhtMReZaPFVw7dajMx0vlsz3oOb8ajgPoHVYGxr8ErnZ6PcYEvvmjGmXlfpnxpkYSdOQttjB+MvVbCGfvLw=="
    },
    "debug": {
      "version": "3.1.0",
      "resolved": "https://registry.npmjs.org/debug/-/debug-3.1.0.tgz",
      "integrity": "sha512-OX8XqP7/1a9cqkxYw2yXss15f26NKWBpDXQd0/uK/KPqdQhxbPa994hnzjcE2VqQpDslf55723cKPUOGSmMY3g==",
      "requires": {
        "ms": "2.0.0"
      }
    },
    "enketo-core": {
      "version": "5.18.1",
      "resolved": "https://registry.npmjs.org/enketo-core/-/enketo-core-5.18.1.tgz",
      "integrity": "sha512-hk3l+EVghy1KTKUr01C5x0Ps3cr8nQMPxwx65E1qpOLuH3mY8TtpiWIy1XXJo4fkX4Wc8dLek8o9YYsVcNripg==",
      "requires": {
        "bootstrap-datepicker": "1.9.x",
        "html5sortable": "^0.13.2",
        "jquery": "^3.6.0",
        "jquery-touchswipe": "^1.6.19",
        "leaflet": "^1.7.1",
        "leaflet-draw": "leaflet-draw@github:enketo/Leaflet.draw#ff73078",
        "leaflet.gridlayer.googlemutant": "^0.13.4",
        "mergexml": "1.2.1",
        "node-forge": "^0.10.0",
        "openrosa-xpath-evaluator": "^2.0.7",
        "signature_pad": "2.3.x"
      },
      "dependencies": {
        "jquery": {
          "version": "3.6.0",
          "resolved": "https://registry.npmjs.org/jquery/-/jquery-3.6.0.tgz",
          "integrity": "sha512-JVzAR/AjBvVt2BmYhxRCSYysDsPcssdmTFnzyLEts9qNwmjmu4JTAMYubEfwVOSwpQ1I1sKKFcxhZCI2buerfw=="
        }
      }
    },
    "eurodigit": {
      "version": "3.1.3",
      "resolved": "https://registry.npmjs.org/eurodigit/-/eurodigit-3.1.3.tgz",
      "integrity": "sha512-/bS2/yTT1/sa5tiT3sjxQ6dobYwGDkWRCeoWYUSUFcLYomEPWlgVfnCE3Iv4eJDJE9upHhtNycxD9XQbR+zicg=="
    },
    "font-awesome": {
      "version": "4.7.0",
      "resolved": "https://registry.npmjs.org/font-awesome/-/font-awesome-4.7.0.tgz",
      "integrity": "sha1-j6jPBBGhoxr9B7BtKQK7n8gVoTM="
    },
    "formidable": {
      "version": "1.2.2",
      "resolved": "https://registry.npmjs.org/formidable/-/formidable-1.2.2.tgz",
      "integrity": "sha512-V8gLm+41I/8kguQ4/o1D3RIHRmhYFG4pnNyonvua+40rqcEmT4+V71yaZ3B457xbbgCsCfjSPi65u/W6vK1U5Q=="
    },
    "google-libphonenumber": {
      "version": "3.2.30",
      "resolved": "https://registry.npmjs.org/google-libphonenumber/-/google-libphonenumber-3.2.30.tgz",
      "integrity": "sha512-Kx2/AqmY0P6863vOhkiCFqfAxfY3jagMe916ByU38JRKiRCqSHGJW1qTOZNV4+ag8Xda69dk6w8VwEeswVy44w=="
    },
    "gsm": {
      "version": "0.1.4",
      "resolved": "https://registry.npmjs.org/gsm/-/gsm-0.1.4.tgz",
      "integrity": "sha1-+CdiTYokdi+lC8Sb/KgsIAbR6wo="
    },
    "html5sortable": {
      "version": "0.13.3",
      "resolved": "https://registry.npmjs.org/html5sortable/-/html5sortable-0.13.3.tgz",
      "integrity": "sha512-rmglSaNttGo4LY33PFW51mgeD1ItvHyfS9cRCD+Cj9Msj/xFaG/sZjLGVtPbtxYJmhY/c8jtw6G07yWhC2ifEw=="
    },
    "immediate": {
      "version": "3.3.0",
      "resolved": "https://registry.npmjs.org/immediate/-/immediate-3.3.0.tgz",
      "integrity": "sha512-HR7EVodfFUdQCTIeySw+WDRFJlPcLOJbXfwwZ7Oom6tjsvZ3bOkCDJHehQC3nxJrv7+f9XecwazynjU8e4Vw3Q=="
    },
    "inherits": {
      "version": "2.0.4",
      "resolved": "https://registry.npmjs.org/inherits/-/inherits-2.0.4.tgz",
      "integrity": "sha512-k/vGaX4/Yla3WzyMCvTQOXYeIHvqOKtnqBduzTHpzpQZzAskKMhZ2K+EnBiSM9zGSoIFeMpXKxa4dYeZIQqewQ=="
    },
    "jquery": {
      "version": "3.5.1",
      "resolved": "https://registry.npmjs.org/jquery/-/jquery-3.5.1.tgz",
      "integrity": "sha512-XwIBPqcMn57FxfT+Go5pzySnm4KWkT1Tv7gjrpT1srtf8Weynl6R273VJ5GjkRb51IzMp5nbaPjJXMWeju2MKg=="
    },
    "jquery-mousewheel": {
      "version": "3.1.13",
      "resolved": "https://registry.npmjs.org/jquery-mousewheel/-/jquery-mousewheel-3.1.13.tgz",
      "integrity": "sha1-BvAzXxbjU6aV5yBr9QUDy1I6buU="
    },
    "jquery-touchswipe": {
      "version": "1.6.19",
      "resolved": "https://registry.npmjs.org/jquery-touchswipe/-/jquery-touchswipe-1.6.19.tgz",
      "integrity": "sha512-b0BGje9reNRU3u6ksAK9QqnX7yBRgLNe/wYG7DOfyDlhBlYjayIT8bSOHmcuvptIDW/ubM9CTW/mnZf9Rohuow=="
    },
    "leaflet": {
      "version": "1.7.1",
      "resolved": "https://registry.npmjs.org/leaflet/-/leaflet-1.7.1.tgz",
      "integrity": "sha512-/xwPEBidtg69Q3HlqPdU3DnrXQOvQU/CCHA1tcDQVzOwm91YMYaILjNp7L4Eaw5Z4sOYdbBz6koWyibppd8Zqw=="
    },
    "leaflet-draw": {
      "version": "github:enketo/Leaflet.draw#ff73078",
      "from": "leaflet-draw@github:enketo/Leaflet.draw#ff73078"
    },
    "leaflet.gridlayer.googlemutant": {
      "version": "0.13.4",
      "resolved": "https://registry.npmjs.org/leaflet.gridlayer.googlemutant/-/leaflet.gridlayer.googlemutant-0.13.4.tgz",
      "integrity": "sha512-oC6xUSFJ9HP4WIupXakgiYckdBHuHQeSaxTXsVlcvcpfsuYoJ/HFIrz1bmK4Qr/qKO4fY1MDM6AoewU7Bph8ZQ=="
    },
    "lodash": {
      "version": "4.17.21",
      "resolved": "https://registry.npmjs.org/lodash/-/lodash-4.17.21.tgz",
      "integrity": "sha512-v2kDEe57lecTulaDIuNTPy3Ry4gLGJ6Z1O3vE1krgXZNrsQ+LFTGHVxVjcXPs17LhbZVGedAJv8XZ1tvj5FvSg=="
    },
    "lodash-es": {
      "version": "4.17.21",
      "resolved": "https://registry.npmjs.org/lodash-es/-/lodash-es-4.17.21.tgz",
      "integrity": "sha512-mKnC+QJ9pWVzv+C4/U3rRsHapFfHvQFoFB92e52xeyGMcX6/OlIl78je1u8vePzYZSkkogMPJ2yjxxsb89cxyw=="
    },
    "make-plural": {
      "version": "4.3.0",
      "resolved": "https://registry.npmjs.org/make-plural/-/make-plural-4.3.0.tgz",
      "integrity": "sha512-xTYd4JVHpSCW+aqDof6w/MebaMVNTVYBZhbB/vi513xXdiPT92JMVCo0Jq8W2UZnzYRFeVbQiQ+I25l13JuKvA==",
      "requires": {
        "minimist": "^1.2.0"
      }
    },
    "mergexml": {
      "version": "1.2.1",
      "resolved": "https://registry.npmjs.org/mergexml/-/mergexml-1.2.1.tgz",
      "integrity": "sha512-IOW62CoY+QfpzsVrDhNG8hKAZnIRhmMldKfbl6/VAUecW6tUNWWtkWroCW4wSXaZp46GRwtUmZjGWCeK4FTS2w==",
      "requires": {
        "formidable": "^1.2.1",
        "xmldom": "^0.1.27",
        "xpath": "0.0.27"
      }
    },
    "messageformat": {
      "version": "2.3.0",
      "resolved": "https://registry.npmjs.org/messageformat/-/messageformat-2.3.0.tgz",
      "integrity": "sha512-uTzvsv0lTeQxYI2y1NPa1lItL5VRI8Gb93Y2K2ue5gBPyrbJxfDi/EYWxh2PKv5yO42AJeeqblS9MJSh/IEk4w==",
      "requires": {
        "make-plural": "^4.3.0",
        "messageformat-formatters": "^2.0.1",
        "messageformat-parser": "^4.1.2"
      }
    },
    "messageformat-formatters": {
      "version": "2.0.1",
      "resolved": "https://registry.npmjs.org/messageformat-formatters/-/messageformat-formatters-2.0.1.tgz",
      "integrity": "sha512-E/lQRXhtHwGuiQjI7qxkLp8AHbMD5r2217XNe/SREbBlSawe0lOqsFb7rflZJmlQFSULNLIqlcjjsCPlB3m3Mg=="
    },
    "messageformat-parser": {
      "version": "4.1.3",
      "resolved": "https://registry.npmjs.org/messageformat-parser/-/messageformat-parser-4.1.3.tgz",
      "integrity": "sha512-2fU3XDCanRqeOCkn7R5zW5VQHWf+T3hH65SzuqRvjatBK7r4uyFa5mEX+k6F9Bd04LVM5G4/BHBTUJsOdW7uyg=="
    },
    "minimist": {
      "version": "1.2.5",
      "resolved": "https://registry.npmjs.org/minimist/-/minimist-1.2.5.tgz",
      "integrity": "sha512-FM9nNUYrRBAELZQT3xeZQ7fmMOBg6nWNmJKTcgsJeaLstP/UODVpGsr5OhXhhXg6f+qtJ8uiZ+PUxkDWcgIXLw==",
      "optional": true
    },
    "moment": {
      "version": "2.29.1",
      "resolved": "https://registry.npmjs.org/moment/-/moment-2.29.1.tgz",
      "integrity": "sha512-kHmoybcPV8Sqy59DwNDY3Jefr64lK/by/da0ViFcuA4DH0vQg5Q6Ze5VimxkfQNSC+Mls/Kx53s7TjP1RhFEDQ=="
    },
    "ms": {
      "version": "2.0.0",
      "resolved": "https://registry.npmjs.org/ms/-/ms-2.0.0.tgz",
      "integrity": "sha1-VgiurfwAvmwpAd9fmGF4jeDVl8g="
    },
    "mustache": {
      "version": "4.2.0",
      "resolved": "https://registry.npmjs.org/mustache/-/mustache-4.2.0.tgz",
      "integrity": "sha512-71ippSywq5Yb7/tVYyGbkBggbU8H3u5Rz56fH60jGFgr8uHwxs+aSKeqmluIVzM0m0kB7xQjKS6qPfd0b2ZoqQ=="
    },
    "ngrx-store-logger": {
      "version": "0.2.4",
      "resolved": "https://registry.npmjs.org/ngrx-store-logger/-/ngrx-store-logger-0.2.4.tgz",
      "integrity": "sha512-caF0xmjCBApn3u6LWLcXJ3Bsfl106C84cdUsK2+aIJ/s5qg0Gk4Wlq8hKBK5vJafTqJMu9Q1t77WfSHFoNZe7Q=="
    },
    "ngx-bootstrap": {
      "version": "7.1.2",
      "resolved": "https://registry.npmjs.org/ngx-bootstrap/-/ngx-bootstrap-7.1.2.tgz",
      "integrity": "sha512-VsZwlGVM+qYOAdvEzzH3wqCjvj3yHec4n82Tho0ve6mhN1GTRu9WPrPmvxp3cFjIu8VQbREUeKPfK0ooO8U5eg==",
      "requires": {
        "tslib": "^2.0.0"
      }
    },
    "ngx-cookie-service": {
      "version": "11.0.2",
      "resolved": "https://registry.npmjs.org/ngx-cookie-service/-/ngx-cookie-service-11.0.2.tgz",
      "integrity": "sha512-nsjzdcjK+gNAweE/DDdnOyHo04jlxTeMXOL/oJNp8MHtOTvCXnOtIFYgq4Sb2JU6UXTovO9tHEMIf9TxjlsdgQ==",
      "requires": {
        "tslib": "^2.0.0"
      }
    },
    "node-forge": {
      "version": "0.10.0",
      "resolved": "https://registry.npmjs.org/node-forge/-/node-forge-0.10.0.tgz",
      "integrity": "sha512-PPmu8eEeG9saEUvI97fm4OYxXVB6bFvyNTyiUOBichBpFG8A1Ljw3bY62+5oOjDEMHRnd0Y7HQ+x7uzxOzC6JA=="
    },
    "object-path": {
      "version": "0.11.8",
      "resolved": "https://registry.npmjs.org/object-path/-/object-path-0.11.8.tgz",
      "integrity": "sha512-YJjNZrlXJFM42wTBn6zgOJVar9KFJvzx6sTWDte8sWZF//cnjl0BxHNpfZx+ZffXX63A9q0b1zsFiBX4g4X5KA=="
    },
    "odk-xform-compact-record-representation-for-sms": {
      "version": "1.0.1",
      "resolved": "https://registry.npmjs.org/odk-xform-compact-record-representation-for-sms/-/odk-xform-compact-record-representation-for-sms-1.0.1.tgz",
      "integrity": "sha512-yhpSxjaWh2AfK+XGAwFX7FQj2isbiUm6mjJxt/e+vsDMEHu8rGApvVN0l8OhDV3laEzVAF+RDw81gw7Gk17rNQ=="
    },
    "openrosa-xpath-evaluator": {
      "version": "2.0.11",
      "resolved": "https://registry.npmjs.org/openrosa-xpath-evaluator/-/openrosa-xpath-evaluator-2.0.11.tgz",
      "integrity": "sha512-NsHBd7DIgfkNK/uGX+kJsPrv2a05TgKPq+o0vWEwNetJVxnc2OQnTBT2vFFjR3pgwbi4Dmvlmm56bjllUL46Dg=="
    },
    "partial-json-parser": {
      "version": "1.2.2",
      "resolved": "https://registry.npmjs.org/partial-json-parser/-/partial-json-parser-1.2.2.tgz",
      "integrity": "sha512-4LH14R2aykVDWefU2qJjL1Rli610fjKxOJQ3SjKwWzKYJvIkjflcGtsd1Ix09U7UP5G6V1GyHtbgPjknFD/G7w=="
    },
    "pojo2xml": {
      "version": "1.7.2",
      "resolved": "https://registry.npmjs.org/pojo2xml/-/pojo2xml-1.7.2.tgz",
      "integrity": "sha512-WFYIWJ8JWVVB0pNdR7qH6S2Q/KOw2bjcTyghdkUAoyuZQxGeLJdSB9FloKTOuimSzB29kk9J0tJWSsxjgsGT7g=="
    },
    "pouchdb-browser": {
      "version": "7.2.2",
      "resolved": "https://registry.npmjs.org/pouchdb-browser/-/pouchdb-browser-7.2.2.tgz",
      "integrity": "sha512-90pkngk9/F95knUwOhGQ0xuNzG51uIecF5kD5AfNdhqqrV9wbngz+I3QA7u/9eVyZRVyOrTrT3oaKcNqAB7Brg==",
      "requires": {
        "argsarray": "0.0.1",
        "immediate": "3.3.0",
        "inherits": "2.0.4",
        "spark-md5": "3.0.1",
        "uuid": "8.1.0",
        "vuvuzela": "1.0.3"
      },
      "dependencies": {
        "uuid": {
          "version": "8.1.0",
          "resolved": "https://registry.npmjs.org/uuid/-/uuid-8.1.0.tgz",
          "integrity": "sha512-CI18flHDznR0lq54xBycOVmphdCYnQLKn8abKn7PXUiKUGdEd+/l9LWNJmugXel4hXq7S+RMNl34ecyC9TntWg=="
        }
      }
    },
    "pouchdb-debug": {
      "version": "7.2.1",
      "resolved": "https://registry.npmjs.org/pouchdb-debug/-/pouchdb-debug-7.2.1.tgz",
      "integrity": "sha512-eP3ht/AKavLF2RjTzBM6S9gaI2/apcW6xvaKRQhEdOfiANqerFuksFqHCal3aikVQuDO+cB/cw+a4RyJn/glBw==",
      "requires": {
        "debug": "3.1.0"
      }
    },
    "rxjs": {
      "version": "6.6.7",
      "resolved": "https://registry.npmjs.org/rxjs/-/rxjs-6.6.7.tgz",
      "integrity": "sha512-hTdwr+7yYNIT5n4AMYp85KA6yw2Va0FLa3Rguvbpa4W3I5xynaBZo41cM3XM+4Q6fRMj3sBYIR1VAmZMXYJvRQ==",
      "requires": {
        "tslib": "^1.9.0"
      },
      "dependencies": {
        "tslib": {
          "version": "1.14.1",
          "resolved": "https://registry.npmjs.org/tslib/-/tslib-1.14.1.tgz",
          "integrity": "sha512-Xni35NKzjgMrwevysHTCArtLDpPvye8zV/0E4EyYn43P7/7qvQwPh9BGkHewbMulVntbigmcT7rdX3BNo9wRJg=="
        }
      }
    },
    "select2": {
      "version": "4.0.3",
      "resolved": "https://registry.npmjs.org/select2/-/select2-4.0.3.tgz",
      "integrity": "sha1-IHcz/pHqy5yxoT8SRjQB9HJEng8=",
      "requires": {
        "almond": "~0.3.1",
        "jquery-mousewheel": "~3.1.13"
      }
    },
    "signature_pad": {
      "version": "2.3.2",
      "resolved": "https://registry.npmjs.org/signature_pad/-/signature_pad-2.3.2.tgz",
      "integrity": "sha512-peYXLxOsIY6MES2TrRLDiNg2T++8gGbpP2yaC+6Ohtxr+a2dzoaqWosWDY9sWqTAAk6E/TyQO+LJw9zQwyu5kA=="
    },
    "simple-password-tester": {
      "version": "1.0.0",
      "resolved": "https://registry.npmjs.org/simple-password-tester/-/simple-password-tester-1.0.0.tgz",
      "integrity": "sha512-YgRc3RsOVwHTsdvcrh6yccT8JgCQwy7n/RKmR5zkSpyNWkuZqN7cDGVXNFIYh2/D4faG7RhRHda1fePrqb3qFw=="
    },
    "spark-md5": {
      "version": "3.0.1",
      "resolved": "https://registry.npmjs.org/spark-md5/-/spark-md5-3.0.1.tgz",
      "integrity": "sha512-0tF3AGSD1ppQeuffsLDIOWlKUd3lS92tFxcsrh5Pe3ZphhnoK+oXIBTzOAThZCiuINZLvpiLH/1VS1/ANEJVig=="
    },
    "tslib": {
      "version": "2.3.1",
      "resolved": "https://registry.npmjs.org/tslib/-/tslib-2.3.1.tgz",
      "integrity": "sha512-77EbyPPpMz+FRFRuAFlWMtmgUWGe9UOG2Z25NqCwiIjRhOf5iKGuzSe5P2w1laq+FkRy4p+PCuVkJSGkzTEKVw=="
    },
    "uuid": {
      "version": "8.3.2",
      "resolved": "https://registry.npmjs.org/uuid/-/uuid-8.3.2.tgz",
      "integrity": "sha512-+NYs2QeMWy+GWFOEm9xnn6HCDp0l7QBD7ml8zLUmJ+93Q5NF0NocErnwkTkXVFNiX3/fpC6afS8Dhb/gz7R7eg=="
    },
    "vuvuzela": {
      "version": "1.0.3",
      "resolved": "https://registry.npmjs.org/vuvuzela/-/vuvuzela-1.0.3.tgz",
      "integrity": "sha1-O+FF5YJxxzylUnndhR8SpoIRSws="
    },
    "xmldom": {
      "version": "0.1.31",
      "resolved": "https://registry.npmjs.org/xmldom/-/xmldom-0.1.31.tgz",
      "integrity": "sha512-yS2uJflVQs6n+CyjHoaBmVSqIDevTAWrzMmjG1Gc7h1qQ7uVozNhEPJAwZXWyGQ/Gafo3fCwrcaokezLPupVyQ=="
    },
    "xpath": {
      "version": "0.0.27",
      "resolved": "https://registry.npmjs.org/xpath/-/xpath-0.0.27.tgz",
      "integrity": "sha512-fg03WRxtkCV6ohClePNAECYsmpKKTv5L8y/X3Dn1hQrec3POx2jHZ/0P2qQ6HvsrU1BmeqXcof3NGGueG6LxwQ=="
    },
    "zone.js": {
      "version": "0.11.4",
      "resolved": "https://registry.npmjs.org/zone.js/-/zone.js-0.11.4.tgz",
      "integrity": "sha512-DDh2Ab+A/B+9mJyajPjHFPWfYU1H+pdun4wnnk0OcQTNjem1XQSZ2CDW+rfZEUDjv5M19SBqAkjZi0x5wuB5Qw==",
      "requires": {
        "tslib": "^2.0.0"
      }
    }
  }
}
